// !$*UTF8*$!
{
	archiveVersion = 1;
	classes = {
	};
	objectVersion = 50;
	objects = {

/* Begin PBXBuildFile section */
		E8005922250B663C00D2867E /* SCXSteps.m in Sources */ = {isa = PBXBuildFile; fileRef = E8005921250B663C00D2867E /* SCXSteps.m */; };
		E8005925250B6EE100D2867E /* SCXMinCoins.m in Sources */ = {isa = PBXBuildFile; fileRef = E8005924250B6EE100D2867E /* SCXMinCoins.m */; };
		E825B23C24CF0D740007D76E /* SCXUnionFind.m in Sources */ = {isa = PBXBuildFile; fileRef = E825B23B24CF0D740007D76E /* SCXUnionFind.m */; };
		E825B23F24D0579A0007D76E /* SCXQuickUnion.m in Sources */ = {isa = PBXBuildFile; fileRef = E825B23E24D0579A0007D76E /* SCXQuickUnion.m */; };
		E825B24224D0669F0007D76E /* SCXQuickUnion_Size.m in Sources */ = {isa = PBXBuildFile; fileRef = E825B24124D0669F0007D76E /* SCXQuickUnion_Size.m */; };
		E825B24624D644660007D76E /* SCXGraph.m in Sources */ = {isa = PBXBuildFile; fileRef = E825B24524D644660007D76E /* SCXGraph.m */; };
		E825B24A24D647CC0007D76E /* SCXListGraph.m in Sources */ = {isa = PBXBuildFile; fileRef = E825B24924D647CC0007D76E /* SCXListGraph.m */; };
		E8656CB824A492040017C501 /* SCXRBTree.m in Sources */ = {isa = PBXBuildFile; fileRef = E8656CB724A492040017C501 /* SCXRBTree.m */; };
		E88033A52430CF29002783A2 /* SCXCircleDeque.m in Sources */ = {isa = PBXBuildFile; fileRef = E88033A42430CF29002783A2 /* SCXCircleDeque.m */; };
		E896259E2435BB0100811EA1 /* SCXStack.m in Sources */ = {isa = PBXBuildFile; fileRef = E896259D2435BB0100811EA1 /* SCXStack.m */; };
		E8981D3A250A140700B4B4F7 /* SCXMaxSubSum.m in Sources */ = {isa = PBXBuildFile; fileRef = E8981D39250A140700B4B4F7 /* SCXMaxSubSum.m */; };
		E8981D3D250A1F1F00B4B4F7 /* SCXLengthOfLIS.m in Sources */ = {isa = PBXBuildFile; fileRef = E8981D3C250A1F1F00B4B4F7 /* SCXLengthOfLIS.m */; };
		E8981D40250A2B8A00B4B4F7 /* SCXPalindrome.m in Sources */ = {isa = PBXBuildFile; fileRef = E8981D3F250A2B8A00B4B4F7 /* SCXPalindrome.m */; };
		E8981D43250B4B6C00B4B4F7 /* SCXShortest.m in Sources */ = {isa = PBXBuildFile; fileRef = E8981D42250B4B6C00B4B4F7 /* SCXShortest.m */; };
		E8B1C703250DC69C00458C9B /* SCXLCS.m in Sources */ = {isa = PBXBuildFile; fileRef = E8B1C702250DC69C00458C9B /* SCXLCS.m */; };
		E8D9E43A2460582200D81AC1 /* SCXAVLTree.m in Sources */ = {isa = PBXBuildFile; fileRef = E8D9E4392460582200D81AC1 /* SCXAVLTree.m */; };
		E8F0689424AB6CE80090829C /* SCXBinaryHeap.m in Sources */ = {isa = PBXBuildFile; fileRef = E8F0689324AB6CE80090829C /* SCXBinaryHeap.m */; };
		E8F0689924B4AA800090829C /* SCXPriorityQueue.m in Sources */ = {isa = PBXBuildFile; fileRef = E8F0689824B4AA800090829C /* SCXPriorityQueue.m */; };
		E8F0689D24B97D220090829C /* SCXBubbleSoft.m in Sources */ = {isa = PBXBuildFile; fileRef = E8F0689C24B97D220090829C /* SCXBubbleSoft.m */; };
		E8F068A224B9815C0090829C /* TestSoftTests.m in Sources */ = {isa = PBXBuildFile; fileRef = E8F068A124B9815C0090829C /* TestSoftTests.m */; };
		E8F068A624B9DD8A0090829C /* SCXSelectionSoft.m in Sources */ = {isa = PBXBuildFile; fileRef = E8F068A524B9DD8A0090829C /* SCXSelectionSoft.m */; };
		E8F068AA24B9EE020090829C /* SCXHeapSoft.m in Sources */ = {isa = PBXBuildFile; fileRef = E8F068A924B9EE020090829C /* SCXHeapSoft.m */; };
		E8F068B124BAF6790090829C /* SCXInsertionSoft.m in Sources */ = {isa = PBXBuildFile; fileRef = E8F068B024BAF6790090829C /* SCXInsertionSoft.m */; };
		E8F068B524BC8F6E0090829C /* SCXMergeSoft.m in Sources */ = {isa = PBXBuildFile; fileRef = E8F068B424BC8F6E0090829C /* SCXMergeSoft.m */; };
		E8F068B924BDE27F0090829C /* SCXQuickSoft.m in Sources */ = {isa = PBXBuildFile; fileRef = E8F068B824BDE27F0090829C /* SCXQuickSoft.m */; };
		E8F068BD24C0849C0090829C /* SCXShellSoft.m in Sources */ = {isa = PBXBuildFile; fileRef = E8F068BC24C0849C0090829C /* SCXShellSoft.m */; };
		E8F6750B242F32A600F4F8F9 /* AppDelegate.m in Sources */ = {isa = PBXBuildFile; fileRef = E8F6750A242F32A600F4F8F9 /* AppDelegate.m */; };
		E8F6750E242F32A600F4F8F9 /* SceneDelegate.m in Sources */ = {isa = PBXBuildFile; fileRef = E8F6750D242F32A600F4F8F9 /* SceneDelegate.m */; };
		E8F67511242F32A600F4F8F9 /* ViewController.m in Sources */ = {isa = PBXBuildFile; fileRef = E8F67510242F32A600F4F8F9 /* ViewController.m */; };
		E8F67514242F32A600F4F8F9 /* Main.storyboard in Resources */ = {isa = PBXBuildFile; fileRef = E8F67512242F32A600F4F8F9 /* Main.storyboard */; };
		E8F67516242F32A800F4F8F9 /* Assets.xcassets in Resources */ = {isa = PBXBuildFile; fileRef = E8F67515242F32A800F4F8F9 /* Assets.xcassets */; };
		E8F67519242F32A800F4F8F9 /* LaunchScreen.storyboard in Resources */ = {isa = PBXBuildFile; fileRef = E8F67517242F32A800F4F8F9 /* LaunchScreen.storyboard */; };
		E8F6751C242F32A800F4F8F9 /* main.m in Sources */ = {isa = PBXBuildFile; fileRef = E8F6751B242F32A800F4F8F9 /* main.m */; };
		E8F67526242F32A800F4F8F9 /* TestArithmeticTests.m in Sources */ = {isa = PBXBuildFile; fileRef = E8F67525242F32A800F4F8F9 /* TestArithmeticTests.m */; };
		E8F67531242F32A800F4F8F9 /* TestArithmeticUITests.m in Sources */ = {isa = PBXBuildFile; fileRef = E8F67530242F32A800F4F8F9 /* TestArithmeticUITests.m */; };
		E8F6754F242F32E000F4F8F9 /* SCXCircleList.m in Sources */ = {isa = PBXBuildFile; fileRef = E8F67543242F32E000F4F8F9 /* SCXCircleList.m */; };
		E8F67550242F32E000F4F8F9 /* SCXLinkList.m in Sources */ = {isa = PBXBuildFile; fileRef = E8F67547242F32E000F4F8F9 /* SCXLinkList.m */; };
		E8F67551242F32E000F4F8F9 /* SCXSingalCircleList.m in Sources */ = {isa = PBXBuildFile; fileRef = E8F6754B242F32E000F4F8F9 /* SCXSingalCircleList.m */; };
		E8F67552242F32E000F4F8F9 /* SCXBinarySearchTree.m in Sources */ = {isa = PBXBuildFile; fileRef = E8F6754E242F32E000F4F8F9 /* SCXBinarySearchTree.m */; };
		E8F6755B242F32F300F4F8F9 /* SCXReverseList.m in Sources */ = {isa = PBXBuildFile; fileRef = E8F67556242F32F300F4F8F9 /* SCXReverseList.m */; };
		E8F6755C242F32F300F4F8F9 /* SCXDeleNode.m in Sources */ = {isa = PBXBuildFile; fileRef = E8F67559242F32F300F4F8F9 /* SCXDeleNode.m */; };
		E8F675B3242F387400F4F8F9 /* SCXBinaryData.m in Sources */ = {isa = PBXBuildFile; fileRef = E8F675B2242F387400F4F8F9 /* SCXBinaryData.m */; };
		E8F675B6242F392500F4F8F9 /* SCXBinaryNodeDate.m in Sources */ = {isa = PBXBuildFile; fileRef = E8F675B5242F392500F4F8F9 /* SCXBinaryNodeDate.m */; };
		E8F675BA24306ECF00F4F8F9 /* SCXArrayQueue.m in Sources */ = {isa = PBXBuildFile; fileRef = E8F675B924306ECF00F4F8F9 /* SCXArrayQueue.m */; };
		E8F675BD24306EE300F4F8F9 /* SCXCircleArrayQueue.m in Sources */ = {isa = PBXBuildFile; fileRef = E8F675BC24306EE300F4F8F9 /* SCXCircleArrayQueue.m */; };
/* End PBXBuildFile section */

/* Begin PBXContainerItemProxy section */
		E8F67522242F32A800F4F8F9 /* PBXContainerItemProxy */ = {
			isa = PBXContainerItemProxy;
			containerPortal = E8F674FE242F32A600F4F8F9 /* Project object */;
			proxyType = 1;
			remoteGlobalIDString = E8F67505242F32A600F4F8F9;
			remoteInfo = TestArithmetic;
		};
		E8F6752D242F32A800F4F8F9 /* PBXContainerItemProxy */ = {
			isa = PBXContainerItemProxy;
			containerPortal = E8F674FE242F32A600F4F8F9 /* Project object */;
			proxyType = 1;
			remoteGlobalIDString = E8F67505242F32A600F4F8F9;
			remoteInfo = TestArithmetic;
		};
/* End PBXContainerItemProxy section */

/* Begin PBXFileReference section */
		E8005920250B663C00D2867E /* SCXSteps.h */ = {isa = PBXFileReference; lastKnownFileType = sourcecode.c.h; path = SCXSteps.h; sourceTree = "<group>"; };
		E8005921250B663C00D2867E /* SCXSteps.m */ = {isa = PBXFileReference; lastKnownFileType = sourcecode.c.objc; path = SCXSteps.m; sourceTree = "<group>"; };
		E8005923250B6EE100D2867E /* SCXMinCoins.h */ = {isa = PBXFileReference; lastKnownFileType = sourcecode.c.h; path = SCXMinCoins.h; sourceTree = "<group>"; };
		E8005924250B6EE100D2867E /* SCXMinCoins.m */ = {isa = PBXFileReference; lastKnownFileType = sourcecode.c.objc; path = SCXMinCoins.m; sourceTree = "<group>"; };
		E825B23A24CF0D740007D76E /* SCXUnionFind.h */ = {isa = PBXFileReference; lastKnownFileType = sourcecode.c.h; path = SCXUnionFind.h; sourceTree = "<group>"; };
		E825B23B24CF0D740007D76E /* SCXUnionFind.m */ = {isa = PBXFileReference; lastKnownFileType = sourcecode.c.objc; path = SCXUnionFind.m; sourceTree = "<group>"; };
		E825B23D24D0579A0007D76E /* SCXQuickUnion.h */ = {isa = PBXFileReference; lastKnownFileType = sourcecode.c.h; path = SCXQuickUnion.h; sourceTree = "<group>"; };
		E825B23E24D0579A0007D76E /* SCXQuickUnion.m */ = {isa = PBXFileReference; lastKnownFileType = sourcecode.c.objc; path = SCXQuickUnion.m; sourceTree = "<group>"; };
		E825B24024D0669F0007D76E /* SCXQuickUnion_Size.h */ = {isa = PBXFileReference; lastKnownFileType = sourcecode.c.h; path = SCXQuickUnion_Size.h; sourceTree = "<group>"; };
		E825B24124D0669F0007D76E /* SCXQuickUnion_Size.m */ = {isa = PBXFileReference; lastKnownFileType = sourcecode.c.objc; path = SCXQuickUnion_Size.m; sourceTree = "<group>"; };
		E825B24424D644660007D76E /* SCXGraph.h */ = {isa = PBXFileReference; lastKnownFileType = sourcecode.c.h; path = SCXGraph.h; sourceTree = "<group>"; };
		E825B24524D644660007D76E /* SCXGraph.m */ = {isa = PBXFileReference; lastKnownFileType = sourcecode.c.objc; path = SCXGraph.m; sourceTree = "<group>"; };
		E825B24824D647CC0007D76E /* SCXListGraph.h */ = {isa = PBXFileReference; lastKnownFileType = sourcecode.c.h; path = SCXListGraph.h; sourceTree = "<group>"; };
		E825B24924D647CC0007D76E /* SCXListGraph.m */ = {isa = PBXFileReference; lastKnownFileType = sourcecode.c.objc; path = SCXListGraph.m; sourceTree = "<group>"; };
		E8656CB624A492040017C501 /* SCXRBTree.h */ = {isa = PBXFileReference; lastKnownFileType = sourcecode.c.h; path = SCXRBTree.h; sourceTree = "<group>"; };
		E8656CB724A492040017C501 /* SCXRBTree.m */ = {isa = PBXFileReference; lastKnownFileType = sourcecode.c.objc; path = SCXRBTree.m; sourceTree = "<group>"; };
		E88033A32430CF29002783A2 /* SCXCircleDeque.h */ = {isa = PBXFileReference; lastKnownFileType = sourcecode.c.h; path = SCXCircleDeque.h; sourceTree = "<group>"; };
		E88033A42430CF29002783A2 /* SCXCircleDeque.m */ = {isa = PBXFileReference; lastKnownFileType = sourcecode.c.objc; path = SCXCircleDeque.m; sourceTree = "<group>"; };
		E896259C2435BB0100811EA1 /* SCXStack.h */ = {isa = PBXFileReference; lastKnownFileType = sourcecode.c.h; path = SCXStack.h; sourceTree = "<group>"; };
		E896259D2435BB0100811EA1 /* SCXStack.m */ = {isa = PBXFileReference; lastKnownFileType = sourcecode.c.objc; path = SCXStack.m; sourceTree = "<group>"; };
		E8981D38250A140700B4B4F7 /* SCXMaxSubSum.h */ = {isa = PBXFileReference; lastKnownFileType = sourcecode.c.h; path = SCXMaxSubSum.h; sourceTree = "<group>"; };
		E8981D39250A140700B4B4F7 /* SCXMaxSubSum.m */ = {isa = PBXFileReference; lastKnownFileType = sourcecode.c.objc; path = SCXMaxSubSum.m; sourceTree = "<group>"; };
		E8981D3B250A1F1F00B4B4F7 /* SCXLengthOfLIS.h */ = {isa = PBXFileReference; lastKnownFileType = sourcecode.c.h; path = SCXLengthOfLIS.h; sourceTree = "<group>"; };
		E8981D3C250A1F1F00B4B4F7 /* SCXLengthOfLIS.m */ = {isa = PBXFileReference; lastKnownFileType = sourcecode.c.objc; path = SCXLengthOfLIS.m; sourceTree = "<group>"; };
		E8981D3E250A2B8A00B4B4F7 /* SCXPalindrome.h */ = {isa = PBXFileReference; lastKnownFileType = sourcecode.c.h; path = SCXPalindrome.h; sourceTree = "<group>"; };
		E8981D3F250A2B8A00B4B4F7 /* SCXPalindrome.m */ = {isa = PBXFileReference; lastKnownFileType = sourcecode.c.objc; path = SCXPalindrome.m; sourceTree = "<group>"; };
		E8981D41250B4B6C00B4B4F7 /* SCXShortest.h */ = {isa = PBXFileReference; lastKnownFileType = sourcecode.c.h; path = SCXShortest.h; sourceTree = "<group>"; };
		E8981D42250B4B6C00B4B4F7 /* SCXShortest.m */ = {isa = PBXFileReference; lastKnownFileType = sourcecode.c.objc; path = SCXShortest.m; sourceTree = "<group>"; };
		E8B1C701250DC69C00458C9B /* SCXLCS.h */ = {isa = PBXFileReference; lastKnownFileType = sourcecode.c.h; path = SCXLCS.h; sourceTree = "<group>"; };
		E8B1C702250DC69C00458C9B /* SCXLCS.m */ = {isa = PBXFileReference; lastKnownFileType = sourcecode.c.objc; path = SCXLCS.m; sourceTree = "<group>"; };
		E8D9E4382460582200D81AC1 /* SCXAVLTree.h */ = {isa = PBXFileReference; lastKnownFileType = sourcecode.c.h; path = SCXAVLTree.h; sourceTree = "<group>"; };
		E8D9E4392460582200D81AC1 /* SCXAVLTree.m */ = {isa = PBXFileReference; lastKnownFileType = sourcecode.c.objc; path = SCXAVLTree.m; sourceTree = "<group>"; };
		E8D9E43B2460584200D81AC1 /* SCXBinarySearchTree+Private.h */ = {isa = PBXFileReference; lastKnownFileType = sourcecode.c.h; path = "SCXBinarySearchTree+Private.h"; sourceTree = "<group>"; };
		E8F0689224AB6CE80090829C /* SCXBinaryHeap.h */ = {isa = PBXFileReference; lastKnownFileType = sourcecode.c.h; path = SCXBinaryHeap.h; sourceTree = "<group>"; };
		E8F0689324AB6CE80090829C /* SCXBinaryHeap.m */ = {isa = PBXFileReference; lastKnownFileType = sourcecode.c.objc; path = SCXBinaryHeap.m; sourceTree = "<group>"; };
		E8F0689524AB6FEB0090829C /* SCXBinaryHeapInterface.h */ = {isa = PBXFileReference; lastKnownFileType = sourcecode.c.h; path = SCXBinaryHeapInterface.h; sourceTree = "<group>"; };
		E8F0689724B4AA800090829C /* SCXPriorityQueue.h */ = {isa = PBXFileReference; lastKnownFileType = sourcecode.c.h; path = SCXPriorityQueue.h; sourceTree = "<group>"; };
		E8F0689824B4AA800090829C /* SCXPriorityQueue.m */ = {isa = PBXFileReference; lastKnownFileType = sourcecode.c.objc; path = SCXPriorityQueue.m; sourceTree = "<group>"; };
		E8F0689B24B97D220090829C /* SCXBubbleSoft.h */ = {isa = PBXFileReference; lastKnownFileType = sourcecode.c.h; path = SCXBubbleSoft.h; sourceTree = "<group>"; };
		E8F0689C24B97D220090829C /* SCXBubbleSoft.m */ = {isa = PBXFileReference; lastKnownFileType = sourcecode.c.objc; path = SCXBubbleSoft.m; sourceTree = "<group>"; };
		E8F068A024B97E4A0090829C /* SCXSoftProtocol.h */ = {isa = PBXFileReference; lastKnownFileType = sourcecode.c.h; path = SCXSoftProtocol.h; sourceTree = "<group>"; };
		E8F068A124B9815C0090829C /* TestSoftTests.m */ = {isa = PBXFileReference; lastKnownFileType = sourcecode.c.objc; path = TestSoftTests.m; sourceTree = "<group>"; };
		E8F068A424B9DD8A0090829C /* SCXSelectionSoft.h */ = {isa = PBXFileReference; lastKnownFileType = sourcecode.c.h; path = SCXSelectionSoft.h; sourceTree = "<group>"; };
		E8F068A524B9DD8A0090829C /* SCXSelectionSoft.m */ = {isa = PBXFileReference; lastKnownFileType = sourcecode.c.objc; path = SCXSelectionSoft.m; sourceTree = "<group>"; };
		E8F068A824B9EE020090829C /* SCXHeapSoft.h */ = {isa = PBXFileReference; lastKnownFileType = sourcecode.c.h; path = SCXHeapSoft.h; sourceTree = "<group>"; };
		E8F068A924B9EE020090829C /* SCXHeapSoft.m */ = {isa = PBXFileReference; lastKnownFileType = sourcecode.c.objc; path = SCXHeapSoft.m; sourceTree = "<group>"; };
		E8F068AF24BAF6790090829C /* SCXInsertionSoft.h */ = {isa = PBXFileReference; lastKnownFileType = sourcecode.c.h; path = SCXInsertionSoft.h; sourceTree = "<group>"; };
		E8F068B024BAF6790090829C /* SCXInsertionSoft.m */ = {isa = PBXFileReference; lastKnownFileType = sourcecode.c.objc; path = SCXInsertionSoft.m; sourceTree = "<group>"; };
		E8F068B324BC8F6E0090829C /* SCXMergeSoft.h */ = {isa = PBXFileReference; lastKnownFileType = sourcecode.c.h; path = SCXMergeSoft.h; sourceTree = "<group>"; };
		E8F068B424BC8F6E0090829C /* SCXMergeSoft.m */ = {isa = PBXFileReference; lastKnownFileType = sourcecode.c.objc; path = SCXMergeSoft.m; sourceTree = "<group>"; };
		E8F068B724BDE27F0090829C /* SCXQuickSoft.h */ = {isa = PBXFileReference; lastKnownFileType = sourcecode.c.h; path = SCXQuickSoft.h; sourceTree = "<group>"; };
		E8F068B824BDE27F0090829C /* SCXQuickSoft.m */ = {isa = PBXFileReference; lastKnownFileType = sourcecode.c.objc; path = SCXQuickSoft.m; sourceTree = "<group>"; };
		E8F068BB24C0849C0090829C /* SCXShellSoft.h */ = {isa = PBXFileReference; lastKnownFileType = sourcecode.c.h; path = SCXShellSoft.h; sourceTree = "<group>"; };
		E8F068BC24C0849C0090829C /* SCXShellSoft.m */ = {isa = PBXFileReference; lastKnownFileType = sourcecode.c.objc; path = SCXShellSoft.m; sourceTree = "<group>"; };
		E8F67506242F32A600F4F8F9 /* TestArithmetic.app */ = {isa = PBXFileReference; explicitFileType = wrapper.application; includeInIndex = 0; path = TestArithmetic.app; sourceTree = BUILT_PRODUCTS_DIR; };
		E8F67509242F32A600F4F8F9 /* AppDelegate.h */ = {isa = PBXFileReference; lastKnownFileType = sourcecode.c.h; path = AppDelegate.h; sourceTree = "<group>"; };
		E8F6750A242F32A600F4F8F9 /* AppDelegate.m */ = {isa = PBXFileReference; lastKnownFileType = sourcecode.c.objc; path = AppDelegate.m; sourceTree = "<group>"; };
		E8F6750C242F32A600F4F8F9 /* SceneDelegate.h */ = {isa = PBXFileReference; lastKnownFileType = sourcecode.c.h; path = SceneDelegate.h; sourceTree = "<group>"; };
		E8F6750D242F32A600F4F8F9 /* SceneDelegate.m */ = {isa = PBXFileReference; lastKnownFileType = sourcecode.c.objc; path = SceneDelegate.m; sourceTree = "<group>"; };
		E8F6750F242F32A600F4F8F9 /* ViewController.h */ = {isa = PBXFileReference; lastKnownFileType = sourcecode.c.h; path = ViewController.h; sourceTree = "<group>"; };
		E8F67510242F32A600F4F8F9 /* ViewController.m */ = {isa = PBXFileReference; lastKnownFileType = sourcecode.c.objc; path = ViewController.m; sourceTree = "<group>"; };
		E8F67513242F32A600F4F8F9 /* Base */ = {isa = PBXFileReference; lastKnownFileType = file.storyboard; name = Base; path = Base.lproj/Main.storyboard; sourceTree = "<group>"; };
		E8F67515242F32A800F4F8F9 /* Assets.xcassets */ = {isa = PBXFileReference; lastKnownFileType = folder.assetcatalog; path = Assets.xcassets; sourceTree = "<group>"; };
		E8F67518242F32A800F4F8F9 /* Base */ = {isa = PBXFileReference; lastKnownFileType = file.storyboard; name = Base; path = Base.lproj/LaunchScreen.storyboard; sourceTree = "<group>"; };
		E8F6751A242F32A800F4F8F9 /* Info.plist */ = {isa = PBXFileReference; lastKnownFileType = text.plist.xml; path = Info.plist; sourceTree = "<group>"; };
		E8F6751B242F32A800F4F8F9 /* main.m */ = {isa = PBXFileReference; lastKnownFileType = sourcecode.c.objc; path = main.m; sourceTree = "<group>"; };
		E8F67521242F32A800F4F8F9 /* TestArithmeticTests.xctest */ = {isa = PBXFileReference; explicitFileType = wrapper.cfbundle; includeInIndex = 0; path = TestArithmeticTests.xctest; sourceTree = BUILT_PRODUCTS_DIR; };
		E8F67525242F32A800F4F8F9 /* TestArithmeticTests.m */ = {isa = PBXFileReference; lastKnownFileType = sourcecode.c.objc; path = TestArithmeticTests.m; sourceTree = "<group>"; };
		E8F67527242F32A800F4F8F9 /* Info.plist */ = {isa = PBXFileReference; lastKnownFileType = text.plist.xml; path = Info.plist; sourceTree = "<group>"; };
		E8F6752C242F32A800F4F8F9 /* TestArithmeticUITests.xctest */ = {isa = PBXFileReference; explicitFileType = wrapper.cfbundle; includeInIndex = 0; path = TestArithmeticUITests.xctest; sourceTree = BUILT_PRODUCTS_DIR; };
		E8F67530242F32A800F4F8F9 /* TestArithmeticUITests.m */ = {isa = PBXFileReference; lastKnownFileType = sourcecode.c.objc; path = TestArithmeticUITests.m; sourceTree = "<group>"; };
		E8F67532242F32A800F4F8F9 /* Info.plist */ = {isa = PBXFileReference; lastKnownFileType = text.plist.xml; path = Info.plist; sourceTree = "<group>"; };
		E8F67542242F32E000F4F8F9 /* SCXCircleList.h */ = {isa = PBXFileReference; fileEncoding = 4; lastKnownFileType = sourcecode.c.h; path = SCXCircleList.h; sourceTree = "<group>"; };
		E8F67543242F32E000F4F8F9 /* SCXCircleList.m */ = {isa = PBXFileReference; fileEncoding = 4; lastKnownFileType = sourcecode.c.objc; path = SCXCircleList.m; sourceTree = "<group>"; };
		E8F67547242F32E000F4F8F9 /* SCXLinkList.m */ = {isa = PBXFileReference; fileEncoding = 4; lastKnownFileType = sourcecode.c.objc; path = SCXLinkList.m; sourceTree = "<group>"; };
		E8F67548242F32E000F4F8F9 /* SCXLinkList.h */ = {isa = PBXFileReference; fileEncoding = 4; lastKnownFileType = sourcecode.c.h; path = SCXLinkList.h; sourceTree = "<group>"; };
		E8F6754A242F32E000F4F8F9 /* SCXSingalCircleList.h */ = {isa = PBXFileReference; fileEncoding = 4; lastKnownFileType = sourcecode.c.h; path = SCXSingalCircleList.h; sourceTree = "<group>"; };
		E8F6754B242F32E000F4F8F9 /* SCXSingalCircleList.m */ = {isa = PBXFileReference; fileEncoding = 4; lastKnownFileType = sourcecode.c.objc; path = SCXSingalCircleList.m; sourceTree = "<group>"; };
		E8F6754D242F32E000F4F8F9 /* SCXBinarySearchTree.h */ = {isa = PBXFileReference; fileEncoding = 4; lastKnownFileType = sourcecode.c.h; path = SCXBinarySearchTree.h; sourceTree = "<group>"; };
		E8F6754E242F32E000F4F8F9 /* SCXBinarySearchTree.m */ = {isa = PBXFileReference; fileEncoding = 4; lastKnownFileType = sourcecode.c.objc; path = SCXBinarySearchTree.m; sourceTree = "<group>"; };
		E8F67556242F32F300F4F8F9 /* SCXReverseList.m */ = {isa = PBXFileReference; fileEncoding = 4; lastKnownFileType = sourcecode.c.objc; path = SCXReverseList.m; sourceTree = "<group>"; };
		E8F67557242F32F300F4F8F9 /* SCXReverseList.h */ = {isa = PBXFileReference; fileEncoding = 4; lastKnownFileType = sourcecode.c.h; path = SCXReverseList.h; sourceTree = "<group>"; };
		E8F67559242F32F300F4F8F9 /* SCXDeleNode.m */ = {isa = PBXFileReference; fileEncoding = 4; lastKnownFileType = sourcecode.c.objc; path = SCXDeleNode.m; sourceTree = "<group>"; };
		E8F6755A242F32F300F4F8F9 /* SCXDeleNode.h */ = {isa = PBXFileReference; fileEncoding = 4; lastKnownFileType = sourcecode.c.h; path = SCXDeleNode.h; sourceTree = "<group>"; };
		E8F6755D242F368100F4F8F9 /* SCXBinaryTreeProtocol.h */ = {isa = PBXFileReference; lastKnownFileType = sourcecode.c.h; path = SCXBinaryTreeProtocol.h; sourceTree = "<group>"; };
		E8F675B1242F387400F4F8F9 /* SCXBinaryData.h */ = {isa = PBXFileReference; lastKnownFileType = sourcecode.c.h; path = SCXBinaryData.h; sourceTree = "<group>"; };
		E8F675B2242F387400F4F8F9 /* SCXBinaryData.m */ = {isa = PBXFileReference; lastKnownFileType = sourcecode.c.objc; path = SCXBinaryData.m; sourceTree = "<group>"; };
		E8F675B4242F392500F4F8F9 /* SCXBinaryNodeDate.h */ = {isa = PBXFileReference; lastKnownFileType = sourcecode.c.h; path = SCXBinaryNodeDate.h; sourceTree = "<group>"; };
		E8F675B5242F392500F4F8F9 /* SCXBinaryNodeDate.m */ = {isa = PBXFileReference; lastKnownFileType = sourcecode.c.objc; path = SCXBinaryNodeDate.m; sourceTree = "<group>"; };
		E8F675B824306ECF00F4F8F9 /* SCXArrayQueue.h */ = {isa = PBXFileReference; lastKnownFileType = sourcecode.c.h; path = SCXArrayQueue.h; sourceTree = "<group>"; };
		E8F675B924306ECF00F4F8F9 /* SCXArrayQueue.m */ = {isa = PBXFileReference; lastKnownFileType = sourcecode.c.objc; path = SCXArrayQueue.m; sourceTree = "<group>"; };
		E8F675BB24306EE300F4F8F9 /* SCXCircleArrayQueue.h */ = {isa = PBXFileReference; lastKnownFileType = sourcecode.c.h; path = SCXCircleArrayQueue.h; sourceTree = "<group>"; };
		E8F675BC24306EE300F4F8F9 /* SCXCircleArrayQueue.m */ = {isa = PBXFileReference; lastKnownFileType = sourcecode.c.objc; path = SCXCircleArrayQueue.m; sourceTree = "<group>"; };
/* End PBXFileReference section */

/* Begin PBXFrameworksBuildPhase section */
		E8F67503242F32A600F4F8F9 /* Frameworks */ = {
			isa = PBXFrameworksBuildPhase;
			buildActionMask = 2147483647;
			files = (
			);
			runOnlyForDeploymentPostprocessing = 0;
		};
		E8F6751E242F32A800F4F8F9 /* Frameworks */ = {
			isa = PBXFrameworksBuildPhase;
			buildActionMask = 2147483647;
			files = (
			);
			runOnlyForDeploymentPostprocessing = 0;
		};
		E8F67529242F32A800F4F8F9 /* Frameworks */ = {
			isa = PBXFrameworksBuildPhase;
			buildActionMask = 2147483647;
			files = (
			);
			runOnlyForDeploymentPostprocessing = 0;
		};
/* End PBXFrameworksBuildPhase section */

/* Begin PBXGroup section */
		E825B23924CF0CC10007D76E /* 并查集 */ = {
			isa = PBXGroup;
			children = (
				E825B23A24CF0D740007D76E /* SCXUnionFind.h */,
				E825B23B24CF0D740007D76E /* SCXUnionFind.m */,
				E825B23D24D0579A0007D76E /* SCXQuickUnion.h */,
				E825B23E24D0579A0007D76E /* SCXQuickUnion.m */,
				E825B24024D0669F0007D76E /* SCXQuickUnion_Size.h */,
				E825B24124D0669F0007D76E /* SCXQuickUnion_Size.m */,
			);
			path = "并查集";
			sourceTree = "<group>";
		};
		E825B24324D6442B0007D76E /* 图 */ = {
			isa = PBXGroup;
			children = (
				E825B24424D644660007D76E /* SCXGraph.h */,
				E825B24524D644660007D76E /* SCXGraph.m */,
				E825B24824D647CC0007D76E /* SCXListGraph.h */,
				E825B24924D647CC0007D76E /* SCXListGraph.m */,
			);
			path = "图";
			sourceTree = "<group>";
		};
		E8656CB524A479910017C501 /* 红黑树 */ = {
			isa = PBXGroup;
			children = (
				E8656CB624A492040017C501 /* SCXRBTree.h */,
				E8656CB724A492040017C501 /* SCXRBTree.m */,
			);
			path = "红黑树";
			sourceTree = "<group>";
		};
		E88033A62430CFF2002783A2 /* 数组队列 */ = {
			isa = PBXGroup;
			children = (
				E8F675B824306ECF00F4F8F9 /* SCXArrayQueue.h */,
				E8F675B924306ECF00F4F8F9 /* SCXArrayQueue.m */,
			);
			path = "数组队列";
			sourceTree = "<group>";
		};
		E88033A72430CFFB002783A2 /* 环形队列 */ = {
			isa = PBXGroup;
			children = (
				E8F675BB24306EE300F4F8F9 /* SCXCircleArrayQueue.h */,
				E8F675BC24306EE300F4F8F9 /* SCXCircleArrayQueue.m */,
			);
			path = "环形队列";
			sourceTree = "<group>";
		};
		E88033A92430D00F002783A2 /* 环形双端队列 */ = {
			isa = PBXGroup;
			children = (
				E88033A32430CF29002783A2 /* SCXCircleDeque.h */,
				E88033A42430CF29002783A2 /* SCXCircleDeque.m */,
			);
			path = "环形双端队列";
			sourceTree = "<group>";
		};
		E896259B2435BA6F00811EA1 /* 栈 */ = {
			isa = PBXGroup;
			children = (
				E896259C2435BB0100811EA1 /* SCXStack.h */,
				E896259D2435BB0100811EA1 /* SCXStack.m */,
			);
			path = "栈";
			sourceTree = "<group>";
		};
		E8981D30250A0ED800B4B4F7 /* 动态规划 */ = {
			isa = PBXGroup;
			children = (
				E8B1C704250DDCC400458C9B /* 最长公共子串 */,
				E8B1C700250DC68700458C9B /* 最长公共子序列 */,
				E8981D36250A0F6800B4B4F7 /* 最长上升子序列 */,
				E8981D35250A0F5800B4B4F7 /* 最大子序列的和 */,
				E8981D34250A0F5200B4B4F7 /* 换钱 */,
				E8981D33250A0F4B00B4B4F7 /* 上台阶 */,
				E8981D32250A0F4000B4B4F7 /* 最短路径 */,
				E8981D31250A0F1900B4B4F7 /* 回文 */,
			);
			path = "动态规划";
			sourceTree = "<group>";
		};
		E8981D31250A0F1900B4B4F7 /* 回文 */ = {
			isa = PBXGroup;
			children = (
				E8981D3E250A2B8A00B4B4F7 /* SCXPalindrome.h */,
				E8981D3F250A2B8A00B4B4F7 /* SCXPalindrome.m */,
			);
			path = "回文";
			sourceTree = "<group>";
		};
		E8981D32250A0F4000B4B4F7 /* 最短路径 */ = {
			isa = PBXGroup;
			children = (
				E8981D41250B4B6C00B4B4F7 /* SCXShortest.h */,
				E8981D42250B4B6C00B4B4F7 /* SCXShortest.m */,
			);
			path = "最短路径";
			sourceTree = "<group>";
		};
		E8981D33250A0F4B00B4B4F7 /* 上台阶 */ = {
			isa = PBXGroup;
			children = (
				E8005920250B663C00D2867E /* SCXSteps.h */,
				E8005921250B663C00D2867E /* SCXSteps.m */,
			);
			path = "上台阶";
			sourceTree = "<group>";
		};
		E8981D34250A0F5200B4B4F7 /* 换钱 */ = {
			isa = PBXGroup;
			children = (
				E8005923250B6EE100D2867E /* SCXMinCoins.h */,
				E8005924250B6EE100D2867E /* SCXMinCoins.m */,
			);
			path = "换钱";
			sourceTree = "<group>";
		};
		E8981D35250A0F5800B4B4F7 /* 最大子序列的和 */ = {
			isa = PBXGroup;
			children = (
				E8981D38250A140700B4B4F7 /* SCXMaxSubSum.h */,
				E8981D39250A140700B4B4F7 /* SCXMaxSubSum.m */,
			);
			path = "最大子序列的和";
			sourceTree = "<group>";
		};
		E8981D36250A0F6800B4B4F7 /* 最长上升子序列 */ = {
			isa = PBXGroup;
			children = (
				E8981D3B250A1F1F00B4B4F7 /* SCXLengthOfLIS.h */,
				E8981D3C250A1F1F00B4B4F7 /* SCXLengthOfLIS.m */,
			);
			path = "最长上升子序列";
			sourceTree = "<group>";
		};
		E8B1C700250DC68700458C9B /* 最长公共子序列 */ = {
			isa = PBXGroup;
			children = (
				E8B1C701250DC69C00458C9B /* SCXLCS.h */,
				E8B1C702250DC69C00458C9B /* SCXLCS.m */,
			);
			path = "最长公共子序列";
			sourceTree = "<group>";
		};
		E8B1C704250DDCC400458C9B /* 最长公共子串 */ = {
			isa = PBXGroup;
			children = (
			);
			path = "最长公共子串";
			sourceTree = "<group>";
		};
		E8D9E4372460571100D81AC1 /* AVL二叉平衡搜索树 */ = {
			isa = PBXGroup;
			children = (
				E8D9E4382460582200D81AC1 /* SCXAVLTree.h */,
				E8D9E4392460582200D81AC1 /* SCXAVLTree.m */,
			);
			path = "AVL二叉平衡搜索树";
			sourceTree = "<group>";
		};
		E8F0689124AB6C890090829C /* 二叉堆 */ = {
			isa = PBXGroup;
			children = (
				E8F0689224AB6CE80090829C /* SCXBinaryHeap.h */,
				E8F0689324AB6CE80090829C /* SCXBinaryHeap.m */,
				E8F0689524AB6FEB0090829C /* SCXBinaryHeapInterface.h */,
			);
			path = "二叉堆";
			sourceTree = "<group>";
		};
		E8F0689624B4AA200090829C /* 优先级队列 */ = {
			isa = PBXGroup;
			children = (
				E8F0689724B4AA800090829C /* SCXPriorityQueue.h */,
				E8F0689824B4AA800090829C /* SCXPriorityQueue.m */,
			);
			path = "优先级队列";
			sourceTree = "<group>";
		};
		E8F0689A24B977B30090829C /* 算法 */ = {
			isa = PBXGroup;
			children = (
				E8981D30250A0ED800B4B4F7 /* 动态规划 */,
				E825B24324D6442B0007D76E /* 图 */,
				E825B23924CF0CC10007D76E /* 并查集 */,
				E8F068BA24BDEC830090829C /* 希尔排序 */,
				E8F068B624BDE25B0090829C /* 快排 */,
				E8F068B224BC8F560090829C /* 归并排序 */,
				E8F068AB24BAF27B0090829C /* 插入排序 */,
				E8F068A724B9E7550090829C /* 堆排序 */,
				E8F068A324B9DD720090829C /* 选择排序 */,
				E8F0689E24B97D280090829C /* 冒泡排序 */,
				E8F068A024B97E4A0090829C /* SCXSoftProtocol.h */,
			);
			path = "算法";
			sourceTree = "<group>";
		};
		E8F0689E24B97D280090829C /* 冒泡排序 */ = {
			isa = PBXGroup;
			children = (
				E8F0689B24B97D220090829C /* SCXBubbleSoft.h */,
				E8F0689C24B97D220090829C /* SCXBubbleSoft.m */,
			);
			path = "冒泡排序";
			sourceTree = "<group>";
		};
		E8F068A324B9DD720090829C /* 选择排序 */ = {
			isa = PBXGroup;
			children = (
				E8F068A424B9DD8A0090829C /* SCXSelectionSoft.h */,
				E8F068A524B9DD8A0090829C /* SCXSelectionSoft.m */,
			);
			path = "选择排序";
			sourceTree = "<group>";
		};
		E8F068A724B9E7550090829C /* 堆排序 */ = {
			isa = PBXGroup;
			children = (
				E8F068A824B9EE020090829C /* SCXHeapSoft.h */,
				E8F068A924B9EE020090829C /* SCXHeapSoft.m */,
			);
			path = "堆排序";
			sourceTree = "<group>";
		};
		E8F068AB24BAF27B0090829C /* 插入排序 */ = {
			isa = PBXGroup;
			children = (
				E8F068AF24BAF6790090829C /* SCXInsertionSoft.h */,
				E8F068B024BAF6790090829C /* SCXInsertionSoft.m */,
			);
			path = "插入排序";
			sourceTree = "<group>";
		};
		E8F068B224BC8F560090829C /* 归并排序 */ = {
			isa = PBXGroup;
			children = (
				E8F068B324BC8F6E0090829C /* SCXMergeSoft.h */,
				E8F068B424BC8F6E0090829C /* SCXMergeSoft.m */,
			);
			path = "归并排序";
			sourceTree = "<group>";
		};
		E8F068B624BDE25B0090829C /* 快排 */ = {
			isa = PBXGroup;
			children = (
				E8F068B724BDE27F0090829C /* SCXQuickSoft.h */,
				E8F068B824BDE27F0090829C /* SCXQuickSoft.m */,
			);
			path = "快排";
			sourceTree = "<group>";
		};
		E8F068BA24BDEC830090829C /* 希尔排序 */ = {
			isa = PBXGroup;
			children = (
				E8F068BB24C0849C0090829C /* SCXShellSoft.h */,
				E8F068BC24C0849C0090829C /* SCXShellSoft.m */,
			);
			path = "希尔排序";
			sourceTree = "<group>";
		};
		E8F674FD242F32A600F4F8F9 = {
			isa = PBXGroup;
			children = (
				E8F67508242F32A600F4F8F9 /* TestArithmetic */,
				E8F67524242F32A800F4F8F9 /* TestArithmeticTests */,
				E8F6752F242F32A800F4F8F9 /* TestArithmeticUITests */,
				E8F67507242F32A600F4F8F9 /* Products */,
			);
			sourceTree = "<group>";
		};
		E8F67507242F32A600F4F8F9 /* Products */ = {
			isa = PBXGroup;
			children = (
				E8F67506242F32A600F4F8F9 /* TestArithmetic.app */,
				E8F67521242F32A800F4F8F9 /* TestArithmeticTests.xctest */,
				E8F6752C242F32A800F4F8F9 /* TestArithmeticUITests.xctest */,
			);
			name = Products;
			sourceTree = "<group>";
		};
		E8F67508242F32A600F4F8F9 /* TestArithmetic */ = {
			isa = PBXGroup;
			children = (
				E8F67553242F32F200F4F8F9 /* LeetCode */,
				E8F0689A24B977B30090829C /* 算法 */,
				E8F67540242F32E000F4F8F9 /* 数据结构 */,
				E8F67509242F32A600F4F8F9 /* AppDelegate.h */,
				E8F6750A242F32A600F4F8F9 /* AppDelegate.m */,
				E8F6750C242F32A600F4F8F9 /* SceneDelegate.h */,
				E8F6750D242F32A600F4F8F9 /* SceneDelegate.m */,
				E8F6750F242F32A600F4F8F9 /* ViewController.h */,
				E8F67510242F32A600F4F8F9 /* ViewController.m */,
				E8F67512242F32A600F4F8F9 /* Main.storyboard */,
				E8F67515242F32A800F4F8F9 /* Assets.xcassets */,
				E8F67517242F32A800F4F8F9 /* LaunchScreen.storyboard */,
				E8F6751A242F32A800F4F8F9 /* Info.plist */,
				E8F6751B242F32A800F4F8F9 /* main.m */,
			);
			path = TestArithmetic;
			sourceTree = "<group>";
		};
		E8F67524242F32A800F4F8F9 /* TestArithmeticTests */ = {
			isa = PBXGroup;
			children = (
				E8F67525242F32A800F4F8F9 /* TestArithmeticTests.m */,
				E8F67527242F32A800F4F8F9 /* Info.plist */,
				E8F068A124B9815C0090829C /* TestSoftTests.m */,
			);
			path = TestArithmeticTests;
			sourceTree = "<group>";
		};
		E8F6752F242F32A800F4F8F9 /* TestArithmeticUITests */ = {
			isa = PBXGroup;
			children = (
				E8F67530242F32A800F4F8F9 /* TestArithmeticUITests.m */,
				E8F67532242F32A800F4F8F9 /* Info.plist */,
			);
			path = TestArithmeticUITests;
			sourceTree = "<group>";
		};
		E8F67540242F32E000F4F8F9 /* 数据结构 */ = {
			isa = PBXGroup;
			children = (
				E8F0689624B4AA200090829C /* 优先级队列 */,
				E8F0689124AB6C890090829C /* 二叉堆 */,
				E8656CB524A479910017C501 /* 红黑树 */,
				E896259B2435BA6F00811EA1 /* 栈 */,
				E8F675B724306EB700F4F8F9 /* 队列 */,
				E8F67541242F32E000F4F8F9 /* 双向链表 */,
				E8F67546242F32E000F4F8F9 /* 单向链表 */,
				E8F67549242F32E000F4F8F9 /* 单循环链表 */,
				E8F6754C242F32E000F4F8F9 /* 二叉搜索树 */,
				E8D9E4372460571100D81AC1 /* AVL二叉平衡搜索树 */,
			);
			path = "数据结构";
			sourceTree = "<group>";
		};
		E8F67541242F32E000F4F8F9 /* 双向链表 */ = {
			isa = PBXGroup;
			children = (
				E8F67542242F32E000F4F8F9 /* SCXCircleList.h */,
				E8F67543242F32E000F4F8F9 /* SCXCircleList.m */,
			);
			path = "双向链表";
			sourceTree = "<group>";
		};
		E8F67546242F32E000F4F8F9 /* 单向链表 */ = {
			isa = PBXGroup;
			children = (
				E8F67548242F32E000F4F8F9 /* SCXLinkList.h */,
				E8F67547242F32E000F4F8F9 /* SCXLinkList.m */,
			);
			path = "单向链表";
			sourceTree = "<group>";
		};
		E8F67549242F32E000F4F8F9 /* 单循环链表 */ = {
			isa = PBXGroup;
			children = (
				E8F6754A242F32E000F4F8F9 /* SCXSingalCircleList.h */,
				E8F6754B242F32E000F4F8F9 /* SCXSingalCircleList.m */,
			);
			path = "单循环链表";
			sourceTree = "<group>";
		};
		E8F6754C242F32E000F4F8F9 /* 二叉搜索树 */ = {
			isa = PBXGroup;
			children = (
				E8F6754D242F32E000F4F8F9 /* SCXBinarySearchTree.h */,
				E8F6754E242F32E000F4F8F9 /* SCXBinarySearchTree.m */,
				E8D9E43B2460584200D81AC1 /* SCXBinarySearchTree+Private.h */,
				E8F6755D242F368100F4F8F9 /* SCXBinaryTreeProtocol.h */,
				E8F675B1242F387400F4F8F9 /* SCXBinaryData.h */,
				E8F675B2242F387400F4F8F9 /* SCXBinaryData.m */,
				E8F675B4242F392500F4F8F9 /* SCXBinaryNodeDate.h */,
				E8F675B5242F392500F4F8F9 /* SCXBinaryNodeDate.m */,
			);
			path = "二叉搜索树";
			sourceTree = "<group>";
		};
		E8F67553242F32F200F4F8F9 /* LeetCode */ = {
			isa = PBXGroup;
			children = (
				E8F67554242F32F300F4F8F9 /* 链表 */,
			);
			path = LeetCode;
			sourceTree = "<group>";
		};
		E8F67554242F32F300F4F8F9 /* 链表 */ = {
			isa = PBXGroup;
			children = (
				E8F67555242F32F300F4F8F9 /* 206反转链表 */,
				E8F67558242F32F300F4F8F9 /* 237删除链表中的节点 */,
			);
			path = "链表";
			sourceTree = "<group>";
		};
		E8F67555242F32F300F4F8F9 /* 206反转链表 */ = {
			isa = PBXGroup;
			children = (
				E8F67556242F32F300F4F8F9 /* SCXReverseList.m */,
				E8F67557242F32F300F4F8F9 /* SCXReverseList.h */,
			);
			path = "206反转链表";
			sourceTree = "<group>";
		};
		E8F67558242F32F300F4F8F9 /* 237删除链表中的节点 */ = {
			isa = PBXGroup;
			children = (
				E8F67559242F32F300F4F8F9 /* SCXDeleNode.m */,
				E8F6755A242F32F300F4F8F9 /* SCXDeleNode.h */,
			);
			path = "237删除链表中的节点";
			sourceTree = "<group>";
		};
		E8F675B724306EB700F4F8F9 /* 队列 */ = {
			isa = PBXGroup;
			children = (
				E88033A92430D00F002783A2 /* 环形双端队列 */,
				E88033A72430CFFB002783A2 /* 环形队列 */,
				E88033A62430CFF2002783A2 /* 数组队列 */,
			);
			path = "队列";
			sourceTree = "<group>";
		};
/* End PBXGroup section */

/* Begin PBXNativeTarget section */
		E8F67505242F32A600F4F8F9 /* TestArithmetic */ = {
			isa = PBXNativeTarget;
			buildConfigurationList = E8F67535242F32A800F4F8F9 /* Build configuration list for PBXNativeTarget "TestArithmetic" */;
			buildPhases = (
				E8F67502242F32A600F4F8F9 /* Sources */,
				E8F67503242F32A600F4F8F9 /* Frameworks */,
				E8F67504242F32A600F4F8F9 /* Resources */,
			);
			buildRules = (
			);
			dependencies = (
			);
			name = TestArithmetic;
			productName = TestArithmetic;
			productReference = E8F67506242F32A600F4F8F9 /* TestArithmetic.app */;
			productType = "com.apple.product-type.application";
		};
		E8F67520242F32A800F4F8F9 /* TestArithmeticTests */ = {
			isa = PBXNativeTarget;
			buildConfigurationList = E8F67538242F32A800F4F8F9 /* Build configuration list for PBXNativeTarget "TestArithmeticTests" */;
			buildPhases = (
				E8F6751D242F32A800F4F8F9 /* Sources */,
				E8F6751E242F32A800F4F8F9 /* Frameworks */,
				E8F6751F242F32A800F4F8F9 /* Resources */,
			);
			buildRules = (
			);
			dependencies = (
				E8F67523242F32A800F4F8F9 /* PBXTargetDependency */,
			);
			name = TestArithmeticTests;
			productName = TestArithmeticTests;
			productReference = E8F67521242F32A800F4F8F9 /* TestArithmeticTests.xctest */;
			productType = "com.apple.product-type.bundle.unit-test";
		};
		E8F6752B242F32A800F4F8F9 /* TestArithmeticUITests */ = {
			isa = PBXNativeTarget;
			buildConfigurationList = E8F6753B242F32A800F4F8F9 /* Build configuration list for PBXNativeTarget "TestArithmeticUITests" */;
			buildPhases = (
				E8F67528242F32A800F4F8F9 /* Sources */,
				E8F67529242F32A800F4F8F9 /* Frameworks */,
				E8F6752A242F32A800F4F8F9 /* Resources */,
			);
			buildRules = (
			);
			dependencies = (
				E8F6752E242F32A800F4F8F9 /* PBXTargetDependency */,
			);
			name = TestArithmeticUITests;
			productName = TestArithmeticUITests;
			productReference = E8F6752C242F32A800F4F8F9 /* TestArithmeticUITests.xctest */;
			productType = "com.apple.product-type.bundle.ui-testing";
		};
/* End PBXNativeTarget section */

/* Begin PBXProject section */
		E8F674FE242F32A600F4F8F9 /* Project object */ = {
			isa = PBXProject;
			attributes = {
				LastUpgradeCheck = 1130;
				ORGANIZATIONNAME = "孙承秀";
				TargetAttributes = {
					E8F67505242F32A600F4F8F9 = {
						CreatedOnToolsVersion = 11.3.1;
					};
					E8F67520242F32A800F4F8F9 = {
						CreatedOnToolsVersion = 11.3.1;
						TestTargetID = E8F67505242F32A600F4F8F9;
					};
					E8F6752B242F32A800F4F8F9 = {
						CreatedOnToolsVersion = 11.3.1;
						TestTargetID = E8F67505242F32A600F4F8F9;
					};
				};
			};
			buildConfigurationList = E8F67501242F32A600F4F8F9 /* Build configuration list for PBXProject "TestArithmetic" */;
			compatibilityVersion = "Xcode 9.3";
			developmentRegion = en;
			hasScannedForEncodings = 0;
			knownRegions = (
				en,
				Base,
			);
			mainGroup = E8F674FD242F32A600F4F8F9;
			productRefGroup = E8F67507242F32A600F4F8F9 /* Products */;
			projectDirPath = "";
			projectRoot = "";
			targets = (
				E8F67505242F32A600F4F8F9 /* TestArithmetic */,
				E8F67520242F32A800F4F8F9 /* TestArithmeticTests */,
				E8F6752B242F32A800F4F8F9 /* TestArithmeticUITests */,
			);
		};
/* End PBXProject section */

/* Begin PBXResourcesBuildPhase section */
		E8F67504242F32A600F4F8F9 /* Resources */ = {
			isa = PBXResourcesBuildPhase;
			buildActionMask = 2147483647;
			files = (
				E8F67519242F32A800F4F8F9 /* LaunchScreen.storyboard in Resources */,
				E8F67516242F32A800F4F8F9 /* Assets.xcassets in Resources */,
				E8F67514242F32A600F4F8F9 /* Main.storyboard in Resources */,
			);
			runOnlyForDeploymentPostprocessing = 0;
		};
		E8F6751F242F32A800F4F8F9 /* Resources */ = {
			isa = PBXResourcesBuildPhase;
			buildActionMask = 2147483647;
			files = (
			);
			runOnlyForDeploymentPostprocessing = 0;
		};
		E8F6752A242F32A800F4F8F9 /* Resources */ = {
			isa = PBXResourcesBuildPhase;
			buildActionMask = 2147483647;
			files = (
			);
			runOnlyForDeploymentPostprocessing = 0;
		};
/* End PBXResourcesBuildPhase section */

/* Begin PBXSourcesBuildPhase section */
		E8F67502242F32A600F4F8F9 /* Sources */ = {
			isa = PBXSourcesBuildPhase;
			buildActionMask = 2147483647;
			files = (
				E8F068B524BC8F6E0090829C /* SCXMergeSoft.m in Sources */,
				E8F67551242F32E000F4F8F9 /* SCXSingalCircleList.m in Sources */,
				E8F675B6242F392500F4F8F9 /* SCXBinaryNodeDate.m in Sources */,
				E8F0689D24B97D220090829C /* SCXBubbleSoft.m in Sources */,
				E8F0689924B4AA800090829C /* SCXPriorityQueue.m in Sources */,
				E825B24A24D647CC0007D76E /* SCXListGraph.m in Sources */,
				E8981D3D250A1F1F00B4B4F7 /* SCXLengthOfLIS.m in Sources */,
				E8F67552242F32E000F4F8F9 /* SCXBinarySearchTree.m in Sources */,
				E8F67511242F32A600F4F8F9 /* ViewController.m in Sources */,
				E8F6750B242F32A600F4F8F9 /* AppDelegate.m in Sources */,
				E8B1C703250DC69C00458C9B /* SCXLCS.m in Sources */,
				E8D9E43A2460582200D81AC1 /* SCXAVLTree.m in Sources */,
				E8F675BA24306ECF00F4F8F9 /* SCXArrayQueue.m in Sources */,
				E8F068B924BDE27F0090829C /* SCXQuickSoft.m in Sources */,
				E825B24624D644660007D76E /* SCXGraph.m in Sources */,
				E825B24224D0669F0007D76E /* SCXQuickUnion_Size.m in Sources */,
				E8005922250B663C00D2867E /* SCXSteps.m in Sources */,
				E8F675B3242F387400F4F8F9 /* SCXBinaryData.m in Sources */,
				E8F068BD24C0849C0090829C /* SCXShellSoft.m in Sources */,
				E8005925250B6EE100D2867E /* SCXMinCoins.m in Sources */,
				E825B23C24CF0D740007D76E /* SCXUnionFind.m in Sources */,
				E8F6755C242F32F300F4F8F9 /* SCXDeleNode.m in Sources */,
				E8F675BD24306EE300F4F8F9 /* SCXCircleArrayQueue.m in Sources */,
				E8F068AA24B9EE020090829C /* SCXHeapSoft.m in Sources */,
				E8F0689424AB6CE80090829C /* SCXBinaryHeap.m in Sources */,
				E8656CB824A492040017C501 /* SCXRBTree.m in Sources */,
				E896259E2435BB0100811EA1 /* SCXStack.m in Sources */,
				E8981D3A250A140700B4B4F7 /* SCXMaxSubSum.m in Sources */,
				E8981D40250A2B8A00B4B4F7 /* SCXPalindrome.m in Sources */,
				E8F6751C242F32A800F4F8F9 /* main.m in Sources */,
				E8F068B124BAF6790090829C /* SCXInsertionSoft.m in Sources */,
				E8F6754F242F32E000F4F8F9 /* SCXCircleList.m in Sources */,
				E8F6755B242F32F300F4F8F9 /* SCXReverseList.m in Sources */,
				E8981D43250B4B6C00B4B4F7 /* SCXShortest.m in Sources */,
				E8F67550242F32E000F4F8F9 /* SCXLinkList.m in Sources */,
				E825B23F24D0579A0007D76E /* SCXQuickUnion.m in Sources */,
				E88033A52430CF29002783A2 /* SCXCircleDeque.m in Sources */,
				E8F6750E242F32A600F4F8F9 /* SceneDelegate.m in Sources */,
				E8F068A624B9DD8A0090829C /* SCXSelectionSoft.m in Sources */,
			);
			runOnlyForDeploymentPostprocessing = 0;
		};
		E8F6751D242F32A800F4F8F9 /* Sources */ = {
			isa = PBXSourcesBuildPhase;
			buildActionMask = 2147483647;
			files = (
				E8F67526242F32A800F4F8F9 /* TestArithmeticTests.m in Sources */,
				E8F068A224B9815C0090829C /* TestSoftTests.m in Sources */,
			);
			runOnlyForDeploymentPostprocessing = 0;
		};
		E8F67528242F32A800F4F8F9 /* Sources */ = {
			isa = PBXSourcesBuildPhase;
			buildActionMask = 2147483647;
			files = (
				E8F67531242F32A800F4F8F9 /* TestArithmeticUITests.m in Sources */,
			);
			runOnlyForDeploymentPostprocessing = 0;
		};
/* End PBXSourcesBuildPhase section */

/* Begin PBXTargetDependency section */
		E8F67523242F32A800F4F8F9 /* PBXTargetDependency */ = {
			isa = PBXTargetDependency;
			target = E8F67505242F32A600F4F8F9 /* TestArithmetic */;
			targetProxy = E8F67522242F32A800F4F8F9 /* PBXContainerItemProxy */;
		};
		E8F6752E242F32A800F4F8F9 /* PBXTargetDependency */ = {
			isa = PBXTargetDependency;
			target = E8F67505242F32A600F4F8F9 /* TestArithmetic */;
			targetProxy = E8F6752D242F32A800F4F8F9 /* PBXContainerItemProxy */;
		};
/* End PBXTargetDependency section */

/* Begin PBXVariantGroup section */
		E8F67512242F32A600F4F8F9 /* Main.storyboard */ = {
			isa = PBXVariantGroup;
			children = (
				E8F67513242F32A600F4F8F9 /* Base */,
			);
			name = Main.storyboard;
			sourceTree = "<group>";
		};
		E8F67517242F32A800F4F8F9 /* LaunchScreen.storyboard */ = {
			isa = PBXVariantGroup;
			children = (
				E8F67518242F32A800F4F8F9 /* Base */,
			);
			name = LaunchScreen.storyboard;
			sourceTree = "<group>";
		};
/* End PBXVariantGroup section */

/* Begin XCBuildConfiguration section */
		E8F67533242F32A800F4F8F9 /* Debug */ = {
			isa = XCBuildConfiguration;
			buildSettings = {
				ALWAYS_SEARCH_USER_PATHS = NO;
				CLANG_ANALYZER_NONNULL = YES;
				CLANG_ANALYZER_NUMBER_OBJECT_CONVERSION = YES_AGGRESSIVE;
				CLANG_CXX_LANGUAGE_STANDARD = "gnu++14";
				CLANG_CXX_LIBRARY = "libc++";
				CLANG_ENABLE_MODULES = YES;
				CLANG_ENABLE_OBJC_ARC = YES;
				CLANG_ENABLE_OBJC_WEAK = YES;
				CLANG_WARN_BLOCK_CAPTURE_AUTORELEASING = YES;
				CLANG_WARN_BOOL_CONVERSION = YES;
				CLANG_WARN_COMMA = YES;
				CLANG_WARN_CONSTANT_CONVERSION = YES;
				CLANG_WARN_DEPRECATED_OBJC_IMPLEMENTATIONS = YES;
				CLANG_WARN_DIRECT_OBJC_ISA_USAGE = YES_ERROR;
				CLANG_WARN_DOCUMENTATION_COMMENTS = YES;
				CLANG_WARN_EMPTY_BODY = YES;
				CLANG_WARN_ENUM_CONVERSION = YES;
				CLANG_WARN_INFINITE_RECURSION = YES;
				CLANG_WARN_INT_CONVERSION = YES;
				CLANG_WARN_NON_LITERAL_NULL_CONVERSION = YES;
				CLANG_WARN_OBJC_IMPLICIT_RETAIN_SELF = YES;
				CLANG_WARN_OBJC_LITERAL_CONVERSION = YES;
				CLANG_WARN_OBJC_ROOT_CLASS = YES_ERROR;
				CLANG_WARN_RANGE_LOOP_ANALYSIS = YES;
				CLANG_WARN_STRICT_PROTOTYPES = YES;
				CLANG_WARN_SUSPICIOUS_MOVE = YES;
				CLANG_WARN_UNGUARDED_AVAILABILITY = YES_AGGRESSIVE;
				CLANG_WARN_UNREACHABLE_CODE = YES;
				CLANG_WARN__DUPLICATE_METHOD_MATCH = YES;
				COPY_PHASE_STRIP = NO;
				DEBUG_INFORMATION_FORMAT = dwarf;
				ENABLE_STRICT_OBJC_MSGSEND = YES;
				ENABLE_TESTABILITY = YES;
				GCC_C_LANGUAGE_STANDARD = gnu11;
				GCC_DYNAMIC_NO_PIC = NO;
				GCC_NO_COMMON_BLOCKS = YES;
				GCC_OPTIMIZATION_LEVEL = 0;
				GCC_PREPROCESSOR_DEFINITIONS = (
					"DEBUG=1",
					"$(inherited)",
				);
				GCC_WARN_64_TO_32_BIT_CONVERSION = YES;
				GCC_WARN_ABOUT_RETURN_TYPE = YES_ERROR;
				GCC_WARN_UNDECLARED_SELECTOR = YES;
				GCC_WARN_UNINITIALIZED_AUTOS = YES_AGGRESSIVE;
				GCC_WARN_UNUSED_FUNCTION = YES;
				GCC_WARN_UNUSED_VARIABLE = YES;
				IPHONEOS_DEPLOYMENT_TARGET = 13.2;
				MTL_ENABLE_DEBUG_INFO = INCLUDE_SOURCE;
				MTL_FAST_MATH = YES;
				ONLY_ACTIVE_ARCH = YES;
				SDKROOT = iphoneos;
			};
			name = Debug;
		};
		E8F67534242F32A800F4F8F9 /* Release */ = {
			isa = XCBuildConfiguration;
			buildSettings = {
				ALWAYS_SEARCH_USER_PATHS = NO;
				CLANG_ANALYZER_NONNULL = YES;
				CLANG_ANALYZER_NUMBER_OBJECT_CONVERSION = YES_AGGRESSIVE;
				CLANG_CXX_LANGUAGE_STANDARD = "gnu++14";
				CLANG_CXX_LIBRARY = "libc++";
				CLANG_ENABLE_MODULES = YES;
				CLANG_ENABLE_OBJC_ARC = YES;
				CLANG_ENABLE_OBJC_WEAK = YES;
				CLANG_WARN_BLOCK_CAPTURE_AUTORELEASING = YES;
				CLANG_WARN_BOOL_CONVERSION = YES;
				CLANG_WARN_COMMA = YES;
				CLANG_WARN_CONSTANT_CONVERSION = YES;
				CLANG_WARN_DEPRECATED_OBJC_IMPLEMENTATIONS = YES;
				CLANG_WARN_DIRECT_OBJC_ISA_USAGE = YES_ERROR;
				CLANG_WARN_DOCUMENTATION_COMMENTS = YES;
				CLANG_WARN_EMPTY_BODY = YES;
				CLANG_WARN_ENUM_CONVERSION = YES;
				CLANG_WARN_INFINITE_RECURSION = YES;
				CLANG_WARN_INT_CONVERSION = YES;
				CLANG_WARN_NON_LITERAL_NULL_CONVERSION = YES;
				CLANG_WARN_OBJC_IMPLICIT_RETAIN_SELF = YES;
				CLANG_WARN_OBJC_LITERAL_CONVERSION = YES;
				CLANG_WARN_OBJC_ROOT_CLASS = YES_ERROR;
				CLANG_WARN_RANGE_LOOP_ANALYSIS = YES;
				CLANG_WARN_STRICT_PROTOTYPES = YES;
				CLANG_WARN_SUSPICIOUS_MOVE = YES;
				CLANG_WARN_UNGUARDED_AVAILABILITY = YES_AGGRESSIVE;
				CLANG_WARN_UNREACHABLE_CODE = YES;
				CLANG_WARN__DUPLICATE_METHOD_MATCH = YES;
				COPY_PHASE_STRIP = NO;
				DEBUG_INFORMATION_FORMAT = "dwarf-with-dsym";
				ENABLE_NS_ASSERTIONS = NO;
				ENABLE_STRICT_OBJC_MSGSEND = YES;
				GCC_C_LANGUAGE_STANDARD = gnu11;
				GCC_NO_COMMON_BLOCKS = YES;
				GCC_WARN_64_TO_32_BIT_CONVERSION = YES;
				GCC_WARN_ABOUT_RETURN_TYPE = YES_ERROR;
				GCC_WARN_UNDECLARED_SELECTOR = YES;
				GCC_WARN_UNINITIALIZED_AUTOS = YES_AGGRESSIVE;
				GCC_WARN_UNUSED_FUNCTION = YES;
				GCC_WARN_UNUSED_VARIABLE = YES;
				IPHONEOS_DEPLOYMENT_TARGET = 13.2;
				MTL_ENABLE_DEBUG_INFO = NO;
				MTL_FAST_MATH = YES;
				SDKROOT = iphoneos;
				VALIDATE_PRODUCT = YES;
			};
			name = Release;
		};
		E8F67536242F32A800F4F8F9 /* Debug */ = {
			isa = XCBuildConfiguration;
			buildSettings = {
				ASSETCATALOG_COMPILER_APPICON_NAME = AppIcon;
				CODE_SIGN_STYLE = Automatic;
				INFOPLIST_FILE = TestArithmetic/Info.plist;
				LD_RUNPATH_SEARCH_PATHS = (
					"$(inherited)",
					"@executable_path/Frameworks",
				);
				PRODUCT_BUNDLE_IDENTIFIER = rongcloud.TestArithmetic;
				PRODUCT_NAME = "$(TARGET_NAME)";
				TARGETED_DEVICE_FAMILY = "1,2";
			};
			name = Debug;
		};
		E8F67537242F32A800F4F8F9 /* Release */ = {
			isa = XCBuildConfiguration;
			buildSettings = {
				ASSETCATALOG_COMPILER_APPICON_NAME = AppIcon;
				CODE_SIGN_STYLE = Automatic;
				INFOPLIST_FILE = TestArithmetic/Info.plist;
				LD_RUNPATH_SEARCH_PATHS = (
					"$(inherited)",
					"@executable_path/Frameworks",
				);
				PRODUCT_BUNDLE_IDENTIFIER = rongcloud.TestArithmetic;
				PRODUCT_NAME = "$(TARGET_NAME)";
				TARGETED_DEVICE_FAMILY = "1,2";
			};
			name = Release;
		};
		E8F67539242F32A800F4F8F9 /* Debug */ = {
			isa = XCBuildConfiguration;
			buildSettings = {
				BUNDLE_LOADER = "$(TEST_HOST)";
				CODE_SIGN_STYLE = Automatic;
				INFOPLIST_FILE = TestArithmeticTests/Info.plist;
				IPHONEOS_DEPLOYMENT_TARGET = 13.2;
				LD_RUNPATH_SEARCH_PATHS = (
					"$(inherited)",
					"@executable_path/Frameworks",
					"@loader_path/Frameworks",
				);
				PRODUCT_BUNDLE_IDENTIFIER = rongcloud.TestArithmeticTests;
				PRODUCT_NAME = "$(TARGET_NAME)";
				TARGETED_DEVICE_FAMILY = "1,2";
				TEST_HOST = "$(BUILT_PRODUCTS_DIR)/TestArithmetic.app/TestArithmetic";
			};
			name = Debug;
		};
		E8F6753A242F32A800F4F8F9 /* Release */ = {
			isa = XCBuildConfiguration;
			buildSettings = {
				BUNDLE_LOADER = "$(TEST_HOST)";
				CODE_SIGN_STYLE = Automatic;
				INFOPLIST_FILE = TestArithmeticTests/Info.plist;
				IPHONEOS_DEPLOYMENT_TARGET = 13.2;
				LD_RUNPATH_SEARCH_PATHS = (
					"$(inherited)",
					"@executable_path/Frameworks",
					"@loader_path/Frameworks",
				);
				PRODUCT_BUNDLE_IDENTIFIER = rongcloud.TestArithmeticTests;
				PRODUCT_NAME = "$(TARGET_NAME)";
				TARGETED_DEVICE_FAMILY = "1,2";
				TEST_HOST = "$(BUILT_PRODUCTS_DIR)/TestArithmetic.app/TestArithmetic";
			};
			name = Release;
		};
		E8F6753C242F32A800F4F8F9 /* Debug */ = {
			isa = XCBuildConfiguration;
			buildSettings = {
				CODE_SIGN_STYLE = Automatic;
				INFOPLIST_FILE = TestArithmeticUITests/Info.plist;
				LD_RUNPATH_SEARCH_PATHS = (
					"$(inherited)",
					"@executable_path/Frameworks",
					"@loader_path/Frameworks",
				);
				PRODUCT_BUNDLE_IDENTIFIER = rongcloud.TestArithmeticUITests;
				PRODUCT_NAME = "$(TARGET_NAME)";
				TARGETED_DEVICE_FAMILY = "1,2";
				TEST_TARGET_NAME = TestArithmetic;
			};
			name = Debug;
		};
		E8F6753D242F32A800F4F8F9 /* Release */ = {
			isa = XCBuildConfiguration;
			buildSettings = {
				CODE_SIGN_STYLE = Automatic;
				INFOPLIST_FILE = TestArithmeticUITests/Info.plist;
				LD_RUNPATH_SEARCH_PATHS = (
					"$(inherited)",
					"@executable_path/Frameworks",
					"@loader_path/Frameworks",
				);
				PRODUCT_BUNDLE_IDENTIFIER = rongcloud.TestArithmeticUITests;
				PRODUCT_NAME = "$(TARGET_NAME)";
				TARGETED_DEVICE_FAMILY = "1,2";
				TEST_TARGET_NAME = TestArithmetic;
			};
			name = Release;
		};
/* End XCBuildConfiguration section */

/* Begin XCConfigurationList section */
		E8F67501242F32A600F4F8F9 /* Build configuration list for PBXProject "TestArithmetic" */ = {
			isa = XCConfigurationList;
			buildConfigurations = (
				E8F67533242F32A800F4F8F9 /* Debug */,
				E8F67534242F32A800F4F8F9 /* Release */,
			);
			defaultConfigurationIsVisible = 0;
			defaultConfigurationName = Release;
		};
		E8F67535242F32A800F4F8F9 /* Build configuration list for PBXNativeTarget "TestArithmetic" */ = {
			isa = XCConfigurationList;
			buildConfigurations = (
				E8F67536242F32A800F4F8F9 /* Debug */,
				E8F67537242F32A800F4F8F9 /* Release */,
			);
			defaultConfigurationIsVisible = 0;
			defaultConfigurationName = Release;
		};
		E8F67538242F32A800F4F8F9 /* Build configuration list for PBXNativeTarget "TestArithmeticTests" */ = {
			isa = XCConfigurationList;
			buildConfigurations = (
				E8F67539242F32A800F4F8F9 /* Debug */,
				E8F6753A242F32A800F4F8F9 /* Release */,
			);
			defaultConfigurationIsVisible = 0;
			defaultConfigurationName = Release;
		};
		E8F6753B242F32A800F4F8F9 /* Build configuration list for PBXNativeTarget "TestArithmeticUITests" */ = {
			isa = XCConfigurationList;
			buildConfigurations = (
				E8F6753C242F32A800F4F8F9 /* Debug */,
				E8F6753D242F32A800F4F8F9 /* Release */,
			);
			defaultConfigurationIsVisible = 0;
			defaultConfigurationName = Release;
		};
/* End XCConfigurationList section */
	};
	rootObject = E8F674FE242F32A600F4F8F9 /* Project object */;
}
