// !$*UTF8*$!
{
	archiveVersion = 1;
	classes = {
	};
	objectVersion = 50;
	objects = {

/* Begin PBXBuildFile section */
		E857C43C241A0AC3002C108B /* AppDelegate.m in Sources */ = {isa = PBXBuildFile; fileRef = E857C43B241A0AC3002C108B /* AppDelegate.m */; };
		E857C43F241A0AC3002C108B /* SceneDelegate.m in Sources */ = {isa = PBXBuildFile; fileRef = E857C43E241A0AC3002C108B /* SceneDelegate.m */; };
		E857C442241A0AC3002C108B /* ViewController.m in Sources */ = {isa = PBXBuildFile; fileRef = E857C441241A0AC3002C108B /* ViewController.m */; };
		E857C445241A0AC3002C108B /* Main.storyboard in Resources */ = {isa = PBXBuildFile; fileRef = E857C443241A0AC3002C108B /* Main.storyboard */; };
		E857C447241A0AC6002C108B /* Assets.xcassets in Resources */ = {isa = PBXBuildFile; fileRef = E857C446241A0AC6002C108B /* Assets.xcassets */; };
		E857C44A241A0AC6002C108B /* LaunchScreen.storyboard in Resources */ = {isa = PBXBuildFile; fileRef = E857C448241A0AC6002C108B /* LaunchScreen.storyboard */; };
		E857C44D241A0AC6002C108B /* main.m in Sources */ = {isa = PBXBuildFile; fileRef = E857C44C241A0AC6002C108B /* main.m */; };
		E857C457241A0AC6002C108B /* ArithmeticTests.m in Sources */ = {isa = PBXBuildFile; fileRef = E857C456241A0AC6002C108B /* ArithmeticTests.m */; };
		E857C462241A0AC6002C108B /* ArithmeticUITests.m in Sources */ = {isa = PBXBuildFile; fileRef = E857C461241A0AC6002C108B /* ArithmeticUITests.m */; };
		E8676CC1241A35980065C9E6 /* SCXLinkList.m in Sources */ = {isa = PBXBuildFile; fileRef = E8676CC0241A35980065C9E6 /* SCXLinkList.m */; };
		E87C825F241A74E3008041A9 /* SCXDeleNode.m in Sources */ = {isa = PBXBuildFile; fileRef = E87C825E241A74E3008041A9 /* SCXDeleNode.m */; };
		E8F674FC242F30F300F4F8F9 /* SCXBinarySearchTree.m in Sources */ = {isa = PBXBuildFile; fileRef = E8F674FB242F30F300F4F8F9 /* SCXBinarySearchTree.m */; };
		E8FD3FB1241CF0CF0090C9FE /* SCXReverseList.m in Sources */ = {isa = PBXBuildFile; fileRef = E8FD3FB0241CF0CF0090C9FE /* SCXReverseList.m */; };
		E8FD3FB5242258830090C9FE /* SCXSingalCircleList.m in Sources */ = {isa = PBXBuildFile; fileRef = E8FD3FB4242258830090C9FE /* SCXSingalCircleList.m */; };
/* End PBXBuildFile section */

/* Begin PBXContainerItemProxy section */
		E857C453241A0AC6002C108B /* PBXContainerItemProxy */ = {
			isa = PBXContainerItemProxy;
			containerPortal = E857C42F241A0AC3002C108B /* Project object */;
			proxyType = 1;
			remoteGlobalIDString = E857C436241A0AC3002C108B;
			remoteInfo = Arithmetic;
		};
		E857C45E241A0AC6002C108B /* PBXContainerItemProxy */ = {
			isa = PBXContainerItemProxy;
			containerPortal = E857C42F241A0AC3002C108B /* Project object */;
			proxyType = 1;
			remoteGlobalIDString = E857C436241A0AC3002C108B;
			remoteInfo = Arithmetic;
		};
/* End PBXContainerItemProxy section */

/* Begin PBXFileReference section */
		E857C437241A0AC3002C108B /* Arithmetic.app */ = {isa = PBXFileReference; explicitFileType = wrapper.application; includeInIndex = 0; path = Arithmetic.app; sourceTree = BUILT_PRODUCTS_DIR; };
		E857C43A241A0AC3002C108B /* AppDelegate.h */ = {isa = PBXFileReference; lastKnownFileType = sourcecode.c.h; path = AppDelegate.h; sourceTree = "<group>"; };
		E857C43B241A0AC3002C108B /* AppDelegate.m */ = {isa = PBXFileReference; lastKnownFileType = sourcecode.c.objc; path = AppDelegate.m; sourceTree = "<group>"; };
		E857C43D241A0AC3002C108B /* SceneDelegate.h */ = {isa = PBXFileReference; lastKnownFileType = sourcecode.c.h; path = SceneDelegate.h; sourceTree = "<group>"; };
		E857C43E241A0AC3002C108B /* SceneDelegate.m */ = {isa = PBXFileReference; lastKnownFileType = sourcecode.c.objc; path = SceneDelegate.m; sourceTree = "<group>"; };
		E857C440241A0AC3002C108B /* ViewController.h */ = {isa = PBXFileReference; lastKnownFileType = sourcecode.c.h; path = ViewController.h; sourceTree = "<group>"; };
		E857C441241A0AC3002C108B /* ViewController.m */ = {isa = PBXFileReference; lastKnownFileType = sourcecode.c.objc; path = ViewController.m; sourceTree = "<group>"; };
		E857C444241A0AC3002C108B /* Base */ = {isa = PBXFileReference; lastKnownFileType = file.storyboard; name = Base; path = Base.lproj/Main.storyboard; sourceTree = "<group>"; };
		E857C446241A0AC6002C108B /* Assets.xcassets */ = {isa = PBXFileReference; lastKnownFileType = folder.assetcatalog; path = Assets.xcassets; sourceTree = "<group>"; };
		E857C449241A0AC6002C108B /* Base */ = {isa = PBXFileReference; lastKnownFileType = file.storyboard; name = Base; path = Base.lproj/LaunchScreen.storyboard; sourceTree = "<group>"; };
		E857C44B241A0AC6002C108B /* Info.plist */ = {isa = PBXFileReference; lastKnownFileType = text.plist.xml; path = Info.plist; sourceTree = "<group>"; };
		E857C44C241A0AC6002C108B /* main.m */ = {isa = PBXFileReference; lastKnownFileType = sourcecode.c.objc; path = main.m; sourceTree = "<group>"; };
		E857C452241A0AC6002C108B /* ArithmeticTests.xctest */ = {isa = PBXFileReference; explicitFileType = wrapper.cfbundle; includeInIndex = 0; path = ArithmeticTests.xctest; sourceTree = BUILT_PRODUCTS_DIR; };
		E857C456241A0AC6002C108B /* ArithmeticTests.m */ = {isa = PBXFileReference; lastKnownFileType = sourcecode.c.objc; path = ArithmeticTests.m; sourceTree = "<group>"; };
		E857C458241A0AC6002C108B /* Info.plist */ = {isa = PBXFileReference; lastKnownFileType = text.plist.xml; path = Info.plist; sourceTree = "<group>"; };
		E857C45D241A0AC6002C108B /* ArithmeticUITests.xctest */ = {isa = PBXFileReference; explicitFileType = wrapper.cfbundle; includeInIndex = 0; path = ArithmeticUITests.xctest; sourceTree = BUILT_PRODUCTS_DIR; };
		E857C461241A0AC6002C108B /* ArithmeticUITests.m */ = {isa = PBXFileReference; lastKnownFileType = sourcecode.c.objc; path = ArithmeticUITests.m; sourceTree = "<group>"; };
		E857C463241A0AC6002C108B /* Info.plist */ = {isa = PBXFileReference; lastKnownFileType = text.plist.xml; path = Info.plist; sourceTree = "<group>"; };
		E8676CBF241A35980065C9E6 /* SCXLinkList.h */ = {isa = PBXFileReference; lastKnownFileType = sourcecode.c.h; path = SCXLinkList.h; sourceTree = "<group>"; };
		E8676CC0241A35980065C9E6 /* SCXLinkList.m */ = {isa = PBXFileReference; lastKnownFileType = sourcecode.c.objc; path = SCXLinkList.m; sourceTree = "<group>"; };
		E87C825D241A74E3008041A9 /* SCXDeleNode.h */ = {isa = PBXFileReference; lastKnownFileType = sourcecode.c.h; path = SCXDeleNode.h; sourceTree = "<group>"; };
		E87C825E241A74E3008041A9 /* SCXDeleNode.m */ = {isa = PBXFileReference; lastKnownFileType = sourcecode.c.objc; path = SCXDeleNode.m; sourceTree = "<group>"; };
		E8F674FA242F30F300F4F8F9 /* SCXBinarySearchTree.h */ = {isa = PBXFileReference; lastKnownFileType = sourcecode.c.h; path = SCXBinarySearchTree.h; sourceTree = "<group>"; };
		E8F674FB242F30F300F4F8F9 /* SCXBinarySearchTree.m */ = {isa = PBXFileReference; lastKnownFileType = sourcecode.c.objc; path = SCXBinarySearchTree.m; sourceTree = "<group>"; };
		E8FD3FAF241CF0CF0090C9FE /* SCXReverseList.h */ = {isa = PBXFileReference; lastKnownFileType = sourcecode.c.h; path = SCXReverseList.h; sourceTree = "<group>"; };
		E8FD3FB0241CF0CF0090C9FE /* SCXReverseList.m */ = {isa = PBXFileReference; lastKnownFileType = sourcecode.c.objc; path = SCXReverseList.m; sourceTree = "<group>"; };
		E8FD3FB3242258830090C9FE /* SCXSingalCircleList.h */ = {isa = PBXFileReference; lastKnownFileType = sourcecode.c.h; path = SCXSingalCircleList.h; sourceTree = "<group>"; };
		E8FD3FB4242258830090C9FE /* SCXSingalCircleList.m */ = {isa = PBXFileReference; lastKnownFileType = sourcecode.c.objc; path = SCXSingalCircleList.m; sourceTree = "<group>"; };
/* End PBXFileReference section */

/* Begin PBXFrameworksBuildPhase section */
		E857C434241A0AC3002C108B /* Frameworks */ = {
			isa = PBXFrameworksBuildPhase;
			buildActionMask = 2147483647;
			files = (
			);
			runOnlyForDeploymentPostprocessing = 0;
		};
		E857C44F241A0AC6002C108B /* Frameworks */ = {
			isa = PBXFrameworksBuildPhase;
			buildActionMask = 2147483647;
			files = (
			);
			runOnlyForDeploymentPostprocessing = 0;
		};
		E857C45A241A0AC6002C108B /* Frameworks */ = {
			isa = PBXFrameworksBuildPhase;
			buildActionMask = 2147483647;
			files = (
			);
			runOnlyForDeploymentPostprocessing = 0;
		};
/* End PBXFrameworksBuildPhase section */

/* Begin PBXGroup section */
		E857C42E241A0AC3002C108B = {
			isa = PBXGroup;
			children = (
				E857C439241A0AC3002C108B /* Arithmetic */,
				E857C455241A0AC6002C108B /* ArithmeticTests */,
				E857C460241A0AC6002C108B /* ArithmeticUITests */,
				E857C438241A0AC3002C108B /* Products */,
			);
			sourceTree = "<group>";
		};
		E857C438241A0AC3002C108B /* Products */ = {
			isa = PBXGroup;
			children = (
				E857C437241A0AC3002C108B /* Arithmetic.app */,
				E857C452241A0AC6002C108B /* ArithmeticTests.xctest */,
				E857C45D241A0AC6002C108B /* ArithmeticUITests.xctest */,
			);
			name = Products;
			sourceTree = "<group>";
		};
		E857C439241A0AC3002C108B /* Arithmetic */ = {
			isa = PBXGroup;
			children = (
				E87C825A241A748A008041A9 /* LeetCode */,
				E87C8259241A7480008041A9 /* 算法练习 */,
				E857C43A241A0AC3002C108B /* AppDelegate.h */,
				E857C43B241A0AC3002C108B /* AppDelegate.m */,
				E857C43D241A0AC3002C108B /* SceneDelegate.h */,
				E857C43E241A0AC3002C108B /* SceneDelegate.m */,
				E857C440241A0AC3002C108B /* ViewController.h */,
				E857C441241A0AC3002C108B /* ViewController.m */,
				E857C443241A0AC3002C108B /* Main.storyboard */,
				E857C446241A0AC6002C108B /* Assets.xcassets */,
				E857C448241A0AC6002C108B /* LaunchScreen.storyboard */,
				E857C44B241A0AC6002C108B /* Info.plist */,
				E857C44C241A0AC6002C108B /* main.m */,
			);
			path = Arithmetic;
			sourceTree = "<group>";
		};
		E857C455241A0AC6002C108B /* ArithmeticTests */ = {
			isa = PBXGroup;
			children = (
				E857C456241A0AC6002C108B /* ArithmeticTests.m */,
				E857C458241A0AC6002C108B /* Info.plist */,
			);
			path = ArithmeticTests;
			sourceTree = "<group>";
		};
		E857C460241A0AC6002C108B /* ArithmeticUITests */ = {
			isa = PBXGroup;
			children = (
				E857C461241A0AC6002C108B /* ArithmeticUITests.m */,
				E857C463241A0AC6002C108B /* Info.plist */,
			);
			path = ArithmeticUITests;
			sourceTree = "<group>";
		};
		E8676CBE241A356F0065C9E6 /* 单向链表 */ = {
			isa = PBXGroup;
			children = (
				E8676CBF241A35980065C9E6 /* SCXLinkList.h */,
				E8676CC0241A35980065C9E6 /* SCXLinkList.m */,
			);
			path = "单向链表";
			sourceTree = "<group>";
		};
		E87C8259241A7480008041A9 /* 算法练习 */ = {
			isa = PBXGroup;
			children = (
				E8F674F9242F30D900F4F8F9 /* 二叉搜索树 */,
				E8FD3FB2242258520090C9FE /* 单循环链表 */,
				E8676CBE241A356F0065C9E6 /* 单向链表 */,
			);
			path = "算法练习";
			sourceTree = "<group>";
		};
		E87C825A241A748A008041A9 /* LeetCode */ = {
			isa = PBXGroup;
			children = (
				E87C825B241A7490008041A9 /* 链表 */,
			);
			path = LeetCode;
			sourceTree = "<group>";
		};
		E87C825B241A7490008041A9 /* 链表 */ = {
			isa = PBXGroup;
			children = (
				E8FD3FAE241CF0A70090C9FE /* 206反转链表 */,
				E87C825C241A749D008041A9 /* 237删除链表中的节点 */,
			);
			path = "链表";
			sourceTree = "<group>";
		};
		E87C825C241A749D008041A9 /* 237删除链表中的节点 */ = {
			isa = PBXGroup;
			children = (
				E87C825D241A74E3008041A9 /* SCXDeleNode.h */,
				E87C825E241A74E3008041A9 /* SCXDeleNode.m */,
			);
			path = "237删除链表中的节点";
			sourceTree = "<group>";
		};
		E8F674F9242F30D900F4F8F9 /* 二叉搜索树 */ = {
			isa = PBXGroup;
			children = (
				E8F674FA242F30F300F4F8F9 /* SCXBinarySearchTree.h */,
				E8F674FB242F30F300F4F8F9 /* SCXBinarySearchTree.m */,
			);
			path = "二叉搜索树";
			sourceTree = "<group>";
		};
		E8FD3FAE241CF0A70090C9FE /* 206反转链表 */ = {
			isa = PBXGroup;
			children = (
				E8FD3FAF241CF0CF0090C9FE /* SCXReverseList.h */,
				E8FD3FB0241CF0CF0090C9FE /* SCXReverseList.m */,
			);
			path = "206反转链表";
			sourceTree = "<group>";
		};
		E8FD3FB2242258520090C9FE /* 单循环链表 */ = {
			isa = PBXGroup;
			children = (
				E8FD3FB3242258830090C9FE /* SCXSingalCircleList.h */,
				E8FD3FB4242258830090C9FE /* SCXSingalCircleList.m */,
			);
			path = "单循环链表";
			sourceTree = "<group>";
		};
/* End PBXGroup section */

/* Begin PBXNativeTarget section */
		E857C436241A0AC3002C108B /* Arithmetic */ = {
			isa = PBXNativeTarget;
			buildConfigurationList = E857C466241A0AC7002C108B /* Build configuration list for PBXNativeTarget "Arithmetic" */;
			buildPhases = (
				E857C433241A0AC3002C108B /* Sources */,
				E857C434241A0AC3002C108B /* Frameworks */,
				E857C435241A0AC3002C108B /* Resources */,
			);
			buildRules = (
			);
			dependencies = (
			);
			name = Arithmetic;
			productName = Arithmetic;
			productReference = E857C437241A0AC3002C108B /* Arithmetic.app */;
			productType = "com.apple.product-type.application";
		};
		E857C451241A0AC6002C108B /* ArithmeticTests */ = {
			isa = PBXNativeTarget;
			buildConfigurationList = E857C469241A0AC7002C108B /* Build configuration list for PBXNativeTarget "ArithmeticTests" */;
			buildPhases = (
				E857C44E241A0AC6002C108B /* Sources */,
				E857C44F241A0AC6002C108B /* Frameworks */,
				E857C450241A0AC6002C108B /* Resources */,
			);
			buildRules = (
			);
			dependencies = (
				E857C454241A0AC6002C108B /* PBXTargetDependency */,
			);
			name = ArithmeticTests;
			productName = ArithmeticTests;
			productReference = E857C452241A0AC6002C108B /* ArithmeticTests.xctest */;
			productType = "com.apple.product-type.bundle.unit-test";
		};
		E857C45C241A0AC6002C108B /* ArithmeticUITests */ = {
			isa = PBXNativeTarget;
			buildConfigurationList = E857C46C241A0AC7002C108B /* Build configuration list for PBXNativeTarget "ArithmeticUITests" */;
			buildPhases = (
				E857C459241A0AC6002C108B /* Sources */,
				E857C45A241A0AC6002C108B /* Frameworks */,
				E857C45B241A0AC6002C108B /* Resources */,
			);
			buildRules = (
			);
			dependencies = (
				E857C45F241A0AC6002C108B /* PBXTargetDependency */,
			);
			name = ArithmeticUITests;
			productName = ArithmeticUITests;
			productReference = E857C45D241A0AC6002C108B /* ArithmeticUITests.xctest */;
			productType = "com.apple.product-type.bundle.ui-testing";
		};
/* End PBXNativeTarget section */

/* Begin PBXProject section */
		E857C42F241A0AC3002C108B /* Project object */ = {
			isa = PBXProject;
			attributes = {
				LastUpgradeCheck = 1130;
				ORGANIZATIONNAME = RongCloud;
				TargetAttributes = {
					E857C436241A0AC3002C108B = {
						CreatedOnToolsVersion = 11.3;
					};
					E857C451241A0AC6002C108B = {
						CreatedOnToolsVersion = 11.3;
						TestTargetID = E857C436241A0AC3002C108B;
					};
					E857C45C241A0AC6002C108B = {
						CreatedOnToolsVersion = 11.3;
						TestTargetID = E857C436241A0AC3002C108B;
					};
				};
			};
			buildConfigurationList = E857C432241A0AC3002C108B /* Build configuration list for PBXProject "Arithmetic" */;
			compatibilityVersion = "Xcode 9.3";
			developmentRegion = en;
			hasScannedForEncodings = 0;
			knownRegions = (
				en,
				Base,
			);
			mainGroup = E857C42E241A0AC3002C108B;
			productRefGroup = E857C438241A0AC3002C108B /* Products */;
			projectDirPath = "";
			projectRoot = "";
			targets = (
				E857C436241A0AC3002C108B /* Arithmetic */,
				E857C451241A0AC6002C108B /* ArithmeticTests */,
				E857C45C241A0AC6002C108B /* ArithmeticUITests */,
			);
		};
/* End PBXProject section */

/* Begin PBXResourcesBuildPhase section */
		E857C435241A0AC3002C108B /* Resources */ = {
			isa = PBXResourcesBuildPhase;
			buildActionMask = 2147483647;
			files = (
				E857C44A241A0AC6002C108B /* LaunchScreen.storyboard in Resources */,
				E857C447241A0AC6002C108B /* Assets.xcassets in Resources */,
				E857C445241A0AC3002C108B /* Main.storyboard in Resources */,
			);
			runOnlyForDeploymentPostprocessing = 0;
		};
		E857C450241A0AC6002C108B /* Resources */ = {
			isa = PBXResourcesBuildPhase;
			buildActionMask = 2147483647;
			files = (
			);
			runOnlyForDeploymentPostprocessing = 0;
		};
		E857C45B241A0AC6002C108B /* Resources */ = {
			isa = PBXResourcesBuildPhase;
			buildActionMask = 2147483647;
			files = (
			);
			runOnlyForDeploymentPostprocessing = 0;
		};
/* End PBXResourcesBuildPhase section */

/* Begin PBXSourcesBuildPhase section */
		E857C433241A0AC3002C108B /* Sources */ = {
			isa = PBXSourcesBuildPhase;
			buildActionMask = 2147483647;
			files = (
				E87C825F241A74E3008041A9 /* SCXDeleNode.m in Sources */,
				E8F674FC242F30F300F4F8F9 /* SCXBinarySearchTree.m in Sources */,
				E857C442241A0AC3002C108B /* ViewController.m in Sources */,
				E8FD3FB5242258830090C9FE /* SCXSingalCircleList.m in Sources */,
				E8676CC1241A35980065C9E6 /* SCXLinkList.m in Sources */,
				E857C43C241A0AC3002C108B /* AppDelegate.m in Sources */,
				E857C44D241A0AC6002C108B /* main.m in Sources */,
				E857C43F241A0AC3002C108B /* SceneDelegate.m in Sources */,
				E8FD3FB1241CF0CF0090C9FE /* SCXReverseList.m in Sources */,
			);
			runOnlyForDeploymentPostprocessing = 0;
		};
		E857C44E241A0AC6002C108B /* Sources */ = {
			isa = PBXSourcesBuildPhase;
			buildActionMask = 2147483647;
			files = (
				E857C457241A0AC6002C108B /* ArithmeticTests.m in Sources */,
			);
			runOnlyForDeploymentPostprocessing = 0;
		};
		E857C459241A0AC6002C108B /* Sources */ = {
			isa = PBXSourcesBuildPhase;
			buildActionMask = 2147483647;
			files = (
				E857C462241A0AC6002C108B /* ArithmeticUITests.m in Sources */,
			);
			runOnlyForDeploymentPostprocessing = 0;
		};
/* End PBXSourcesBuildPhase section */

/* Begin PBXTargetDependency section */
		E857C454241A0AC6002C108B /* PBXTargetDependency */ = {
			isa = PBXTargetDependency;
			target = E857C436241A0AC3002C108B /* Arithmetic */;
			targetProxy = E857C453241A0AC6002C108B /* PBXContainerItemProxy */;
		};
		E857C45F241A0AC6002C108B /* PBXTargetDependency */ = {
			isa = PBXTargetDependency;
			target = E857C436241A0AC3002C108B /* Arithmetic */;
			targetProxy = E857C45E241A0AC6002C108B /* PBXContainerItemProxy */;
		};
/* End PBXTargetDependency section */

/* Begin PBXVariantGroup section */
		E857C443241A0AC3002C108B /* Main.storyboard */ = {
			isa = PBXVariantGroup;
			children = (
				E857C444241A0AC3002C108B /* Base */,
			);
			name = Main.storyboard;
			sourceTree = "<group>";
		};
		E857C448241A0AC6002C108B /* LaunchScreen.storyboard */ = {
			isa = PBXVariantGroup;
			children = (
				E857C449241A0AC6002C108B /* Base */,
			);
			name = LaunchScreen.storyboard;
			sourceTree = "<group>";
		};
/* End PBXVariantGroup section */

/* Begin XCBuildConfiguration section */
		E857C464241A0AC7002C108B /* Debug */ = {
			isa = XCBuildConfiguration;
			buildSettings = {
				ALWAYS_SEARCH_USER_PATHS = NO;
				CLANG_ANALYZER_NONNULL = YES;
				CLANG_ANALYZER_NUMBER_OBJECT_CONVERSION = YES_AGGRESSIVE;
				CLANG_CXX_LANGUAGE_STANDARD = "gnu++14";
				CLANG_CXX_LIBRARY = "libc++";
				CLANG_ENABLE_MODULES = YES;
				CLANG_ENABLE_OBJC_ARC = YES;
				CLANG_ENABLE_OBJC_WEAK = YES;
				CLANG_WARN_BLOCK_CAPTURE_AUTORELEASING = YES;
				CLANG_WARN_BOOL_CONVERSION = YES;
				CLANG_WARN_COMMA = YES;
				CLANG_WARN_CONSTANT_CONVERSION = YES;
				CLANG_WARN_DEPRECATED_OBJC_IMPLEMENTATIONS = YES;
				CLANG_WARN_DIRECT_OBJC_ISA_USAGE = YES_ERROR;
				CLANG_WARN_DOCUMENTATION_COMMENTS = YES;
				CLANG_WARN_EMPTY_BODY = YES;
				CLANG_WARN_ENUM_CONVERSION = YES;
				CLANG_WARN_INFINITE_RECURSION = YES;
				CLANG_WARN_INT_CONVERSION = YES;
				CLANG_WARN_NON_LITERAL_NULL_CONVERSION = YES;
				CLANG_WARN_OBJC_IMPLICIT_RETAIN_SELF = YES;
				CLANG_WARN_OBJC_LITERAL_CONVERSION = YES;
				CLANG_WARN_OBJC_ROOT_CLASS = YES_ERROR;
				CLANG_WARN_RANGE_LOOP_ANALYSIS = YES;
				CLANG_WARN_STRICT_PROTOTYPES = YES;
				CLANG_WARN_SUSPICIOUS_MOVE = YES;
				CLANG_WARN_UNGUARDED_AVAILABILITY = YES_AGGRESSIVE;
				CLANG_WARN_UNREACHABLE_CODE = YES;
				CLANG_WARN__DUPLICATE_METHOD_MATCH = YES;
				COPY_PHASE_STRIP = NO;
				DEBUG_INFORMATION_FORMAT = dwarf;
				ENABLE_STRICT_OBJC_MSGSEND = YES;
				ENABLE_TESTABILITY = YES;
				GCC_C_LANGUAGE_STANDARD = gnu11;
				GCC_DYNAMIC_NO_PIC = NO;
				GCC_NO_COMMON_BLOCKS = YES;
				GCC_OPTIMIZATION_LEVEL = 0;
				GCC_PREPROCESSOR_DEFINITIONS = (
					"DEBUG=1",
					"$(inherited)",
				);
				GCC_WARN_64_TO_32_BIT_CONVERSION = YES;
				GCC_WARN_ABOUT_RETURN_TYPE = YES_ERROR;
				GCC_WARN_UNDECLARED_SELECTOR = YES;
				GCC_WARN_UNINITIALIZED_AUTOS = YES_AGGRESSIVE;
				GCC_WARN_UNUSED_FUNCTION = YES;
				GCC_WARN_UNUSED_VARIABLE = YES;
				IPHONEOS_DEPLOYMENT_TARGET = 13.2;
				MTL_ENABLE_DEBUG_INFO = INCLUDE_SOURCE;
				MTL_FAST_MATH = YES;
				ONLY_ACTIVE_ARCH = YES;
				SDKROOT = iphoneos;
			};
			name = Debug;
		};
		E857C465241A0AC7002C108B /* Release */ = {
			isa = XCBuildConfiguration;
			buildSettings = {
				ALWAYS_SEARCH_USER_PATHS = NO;
				CLANG_ANALYZER_NONNULL = YES;
				CLANG_ANALYZER_NUMBER_OBJECT_CONVERSION = YES_AGGRESSIVE;
				CLANG_CXX_LANGUAGE_STANDARD = "gnu++14";
				CLANG_CXX_LIBRARY = "libc++";
				CLANG_ENABLE_MODULES = YES;
				CLANG_ENABLE_OBJC_ARC = YES;
				CLANG_ENABLE_OBJC_WEAK = YES;
				CLANG_WARN_BLOCK_CAPTURE_AUTORELEASING = YES;
				CLANG_WARN_BOOL_CONVERSION = YES;
				CLANG_WARN_COMMA = YES;
				CLANG_WARN_CONSTANT_CONVERSION = YES;
				CLANG_WARN_DEPRECATED_OBJC_IMPLEMENTATIONS = YES;
				CLANG_WARN_DIRECT_OBJC_ISA_USAGE = YES_ERROR;
				CLANG_WARN_DOCUMENTATION_COMMENTS = YES;
				CLANG_WARN_EMPTY_BODY = YES;
				CLANG_WARN_ENUM_CONVERSION = YES;
				CLANG_WARN_INFINITE_RECURSION = YES;
				CLANG_WARN_INT_CONVERSION = YES;
				CLANG_WARN_NON_LITERAL_NULL_CONVERSION = YES;
				CLANG_WARN_OBJC_IMPLICIT_RETAIN_SELF = YES;
				CLANG_WARN_OBJC_LITERAL_CONVERSION = YES;
				CLANG_WARN_OBJC_ROOT_CLASS = YES_ERROR;
				CLANG_WARN_RANGE_LOOP_ANALYSIS = YES;
				CLANG_WARN_STRICT_PROTOTYPES = YES;
				CLANG_WARN_SUSPICIOUS_MOVE = YES;
				CLANG_WARN_UNGUARDED_AVAILABILITY = YES_AGGRESSIVE;
				CLANG_WARN_UNREACHABLE_CODE = YES;
				CLANG_WARN__DUPLICATE_METHOD_MATCH = YES;
				COPY_PHASE_STRIP = NO;
				DEBUG_INFORMATION_FORMAT = "dwarf-with-dsym";
				ENABLE_NS_ASSERTIONS = NO;
				ENABLE_STRICT_OBJC_MSGSEND = YES;
				GCC_C_LANGUAGE_STANDARD = gnu11;
				GCC_NO_COMMON_BLOCKS = YES;
				GCC_WARN_64_TO_32_BIT_CONVERSION = YES;
				GCC_WARN_ABOUT_RETURN_TYPE = YES_ERROR;
				GCC_WARN_UNDECLARED_SELECTOR = YES;
				GCC_WARN_UNINITIALIZED_AUTOS = YES_AGGRESSIVE;
				GCC_WARN_UNUSED_FUNCTION = YES;
				GCC_WARN_UNUSED_VARIABLE = YES;
				IPHONEOS_DEPLOYMENT_TARGET = 13.2;
				MTL_ENABLE_DEBUG_INFO = NO;
				MTL_FAST_MATH = YES;
				SDKROOT = iphoneos;
				VALIDATE_PRODUCT = YES;
			};
			name = Release;
		};
		E857C467241A0AC7002C108B /* Debug */ = {
			isa = XCBuildConfiguration;
			buildSettings = {
				ASSETCATALOG_COMPILER_APPICON_NAME = AppIcon;
				CODE_SIGN_STYLE = Automatic;
				DEVELOPMENT_TEAM = 9CVMN4UZK4;
				INFOPLIST_FILE = Arithmetic/Info.plist;
				LD_RUNPATH_SEARCH_PATHS = (
					"$(inherited)",
					"@executable_path/Frameworks",
				);
				PRODUCT_BUNDLE_IDENTIFIER = RongCloud.Arithmetic;
				PRODUCT_NAME = "$(TARGET_NAME)";
				TARGETED_DEVICE_FAMILY = "1,2";
			};
			name = Debug;
		};
		E857C468241A0AC7002C108B /* Release */ = {
			isa = XCBuildConfiguration;
			buildSettings = {
				ASSETCATALOG_COMPILER_APPICON_NAME = AppIcon;
				CODE_SIGN_STYLE = Automatic;
				DEVELOPMENT_TEAM = 9CVMN4UZK4;
				INFOPLIST_FILE = Arithmetic/Info.plist;
				LD_RUNPATH_SEARCH_PATHS = (
					"$(inherited)",
					"@executable_path/Frameworks",
				);
				PRODUCT_BUNDLE_IDENTIFIER = RongCloud.Arithmetic;
				PRODUCT_NAME = "$(TARGET_NAME)";
				TARGETED_DEVICE_FAMILY = "1,2";
			};
			name = Release;
		};
		E857C46A241A0AC7002C108B /* Debug */ = {
			isa = XCBuildConfiguration;
			buildSettings = {
				BUNDLE_LOADER = "$(TEST_HOST)";
				CODE_SIGN_STYLE = Automatic;
				DEVELOPMENT_TEAM = 9CVMN4UZK4;
				INFOPLIST_FILE = ArithmeticTests/Info.plist;
				IPHONEOS_DEPLOYMENT_TARGET = 13.2;
				LD_RUNPATH_SEARCH_PATHS = (
					"$(inherited)",
					"@executable_path/Frameworks",
					"@loader_path/Frameworks",
				);
				PRODUCT_BUNDLE_IDENTIFIER = RongCloud.ArithmeticTests;
				PRODUCT_NAME = "$(TARGET_NAME)";
				TARGETED_DEVICE_FAMILY = "1,2";
				TEST_HOST = "$(BUILT_PRODUCTS_DIR)/Arithmetic.app/Arithmetic";
			};
			name = Debug;
		};
		E857C46B241A0AC7002C108B /* Release */ = {
			isa = XCBuildConfiguration;
			buildSettings = {
				BUNDLE_LOADER = "$(TEST_HOST)";
				CODE_SIGN_STYLE = Automatic;
				DEVELOPMENT_TEAM = 9CVMN4UZK4;
				INFOPLIST_FILE = ArithmeticTests/Info.plist;
				IPHONEOS_DEPLOYMENT_TARGET = 13.2;
				LD_RUNPATH_SEARCH_PATHS = (
					"$(inherited)",
					"@executable_path/Frameworks",
					"@loader_path/Frameworks",
				);
				PRODUCT_BUNDLE_IDENTIFIER = RongCloud.ArithmeticTests;
				PRODUCT_NAME = "$(TARGET_NAME)";
				TARGETED_DEVICE_FAMILY = "1,2";
				TEST_HOST = "$(BUILT_PRODUCTS_DIR)/Arithmetic.app/Arithmetic";
			};
			name = Release;
		};
		E857C46D241A0AC7002C108B /* Debug */ = {
			isa = XCBuildConfiguration;
			buildSettings = {
				CODE_SIGN_STYLE = Automatic;
				DEVELOPMENT_TEAM = 9CVMN4UZK4;
				INFOPLIST_FILE = ArithmeticUITests/Info.plist;
				LD_RUNPATH_SEARCH_PATHS = (
					"$(inherited)",
					"@executable_path/Frameworks",
					"@loader_path/Frameworks",
				);
				PRODUCT_BUNDLE_IDENTIFIER = RongCloud.ArithmeticUITests;
				PRODUCT_NAME = "$(TARGET_NAME)";
				TARGETED_DEVICE_FAMILY = "1,2";
				TEST_TARGET_NAME = Arithmetic;
			};
			name = Debug;
		};
		E857C46E241A0AC7002C108B /* Release */ = {
			isa = XCBuildConfiguration;
			buildSettings = {
				CODE_SIGN_STYLE = Automatic;
				DEVELOPMENT_TEAM = 9CVMN4UZK4;
				INFOPLIST_FILE = ArithmeticUITests/Info.plist;
				LD_RUNPATH_SEARCH_PATHS = (
					"$(inherited)",
					"@executable_path/Frameworks",
					"@loader_path/Frameworks",
				);
				PRODUCT_BUNDLE_IDENTIFIER = RongCloud.ArithmeticUITests;
				PRODUCT_NAME = "$(TARGET_NAME)";
				TARGETED_DEVICE_FAMILY = "1,2";
				TEST_TARGET_NAME = Arithmetic;
			};
			name = Release;
		};
/* End XCBuildConfiguration section */

/* Begin XCConfigurationList section */
		E857C432241A0AC3002C108B /* Build configuration list for PBXProject "Arithmetic" */ = {
			isa = XCConfigurationList;
			buildConfigurations = (
				E857C464241A0AC7002C108B /* Debug */,
				E857C465241A0AC7002C108B /* Release */,
			);
			defaultConfigurationIsVisible = 0;
			defaultConfigurationName = Release;
		};
		E857C466241A0AC7002C108B /* Build configuration list for PBXNativeTarget "Arithmetic" */ = {
			isa = XCConfigurationList;
			buildConfigurations = (
				E857C467241A0AC7002C108B /* Debug */,
				E857C468241A0AC7002C108B /* Release */,
			);
			defaultConfigurationIsVisible = 0;
			defaultConfigurationName = Release;
		};
		E857C469241A0AC7002C108B /* Build configuration list for PBXNativeTarget "ArithmeticTests" */ = {
			isa = XCConfigurationList;
			buildConfigurations = (
				E857C46A241A0AC7002C108B /* Debug */,
				E857C46B241A0AC7002C108B /* Release */,
			);
			defaultConfigurationIsVisible = 0;
			defaultConfigurationName = Release;
		};
		E857C46C241A0AC7002C108B /* Build configuration list for PBXNativeTarget "ArithmeticUITests" */ = {
			isa = XCConfigurationList;
			buildConfigurations = (
				E857C46D241A0AC7002C108B /* Debug */,
				E857C46E241A0AC7002C108B /* Release */,
			);
			defaultConfigurationIsVisible = 0;
			defaultConfigurationName = Release;
		};
/* End XCConfigurationList section */
	};
	rootObject = E857C42F241A0AC3002C108B /* Project object */;
}
